{"version":4,"terraform_version":"1.8.7","serial":69,"lineage":"bae0b91a-4db2-c899-ae7d-4459b82a9081","outputs":{},"resources":[{"module":"module.helm_releases","mode":"data","type":"http","name":"kube_stack_config","provider":"provider[\"registry.opentofu.org/hashicorp/http\"]","instances":[{"schema_version":0,"attributes":{"body":"# Default values for cnp-sandbox.\n# This is a YAML-formatted file.\n# Declare variables to be passed into your templates.\n#\n#\n# Copyright The CloudNativePG Contributors\n#\n# Licensed under the Apache License, Version 2.0 (the \"License\");\n# you may not use this file except in compliance with the License.\n# You may obtain a copy of the License at\n#\n#     http://www.apache.org/licenses/LICENSE-2.0\n#\n# Unless required by applicable law or agreed to in writing, software\n# distributed under the License is distributed on an \"AS IS\" BASIS,\n# WITHOUT WARRANTIES OR CONDITIONS OF ANY KIND, either express or implied.\n# See the License for the specific language governing permissions and\n# limitations under the License.\n#\n\n# -- here you can pass the whole values directly to the kube-prometheus-stack chart\nenabled: true\nkubeControllerManager:\n  enabled: false\nnodeExporter:\n  enabled: false\ndefaultRules:\n  create: true\n  rules:\n    alertmanager: false\n    etcd: false\n    configReloaders: false\n    general: false\n    k8s: true\n    kubeApiserver: false\n    kubeApiserverAvailability: false\n    kubeApiserverSlos: false\n    kubelet: true\n    kubeProxy: false\n    kubePrometheusGeneral: false\n    kubePrometheusNodeRecording: false\n    kubernetesApps: false\n    kubernetesResources: false\n    kubernetesStorage: false\n    kubernetesSystem: false\n    kubeScheduler: false\n    kubeStateMetrics: false\n    network: false\n    node: true\n    nodeExporterAlerting: false\n    nodeExporterRecording: true\n    prometheus: false\n    prometheusOperator: false\n\n#nodeSelector:\n  #workload: monitor\nprometheus:\n  prometheusSpec:\n    podMonitorSelectorNilUsesHelmValues: false\n    ruleSelectorNilUsesHelmValues: false\n    serviceMonitorSelectorNilUsesHelmValues: false\n    probeSelectorNilUsesHelmValues: false\n  #nodeSelector:\n    #workload: monitor\ngrafana:\n  enabled: true\n  # -- the grafana admin password\n  adminPassword: prom-operator\n  defaultDashboardsEnabled: false\n  sidecar:\n      dashboards:\n        enabled: true\n  #nodeSelector:\n    #workload: monitor\nalertmanager:\n  enabled: true\n  #alertManagerSpec:\n    #nodeSelector:\n      #workload: monitor\n","ca_cert_pem":null,"id":"https://raw.githubusercontent.com/cloudnative-pg/cloudnative-pg/main/docs/src/samples/monitoring/kube-stack-config.yaml","insecure":null,"method":null,"request_body":null,"request_headers":null,"request_timeout_ms":null,"response_body":"# Default values for cnp-sandbox.\n# This is a YAML-formatted file.\n# Declare variables to be passed into your templates.\n#\n#\n# Copyright The CloudNativePG Contributors\n#\n# Licensed under the Apache License, Version 2.0 (the \"License\");\n# you may not use this file except in compliance with the License.\n# You may obtain a copy of the License at\n#\n#     http://www.apache.org/licenses/LICENSE-2.0\n#\n# Unless required by applicable law or agreed to in writing, software\n# distributed under the License is distributed on an \"AS IS\" BASIS,\n# WITHOUT WARRANTIES OR CONDITIONS OF ANY KIND, either express or implied.\n# See the License for the specific language governing permissions and\n# limitations under the License.\n#\n\n# -- here you can pass the whole values directly to the kube-prometheus-stack chart\nenabled: true\nkubeControllerManager:\n  enabled: false\nnodeExporter:\n  enabled: false\ndefaultRules:\n  create: true\n  rules:\n    alertmanager: false\n    etcd: false\n    configReloaders: false\n    general: false\n    k8s: true\n    kubeApiserver: false\n    kubeApiserverAvailability: false\n    kubeApiserverSlos: false\n    kubelet: true\n    kubeProxy: false\n    kubePrometheusGeneral: false\n    kubePrometheusNodeRecording: false\n    kubernetesApps: false\n    kubernetesResources: false\n    kubernetesStorage: false\n    kubernetesSystem: false\n    kubeScheduler: false\n    kubeStateMetrics: false\n    network: false\n    node: true\n    nodeExporterAlerting: false\n    nodeExporterRecording: true\n    prometheus: false\n    prometheusOperator: false\n\n#nodeSelector:\n  #workload: monitor\nprometheus:\n  prometheusSpec:\n    podMonitorSelectorNilUsesHelmValues: false\n    ruleSelectorNilUsesHelmValues: false\n    serviceMonitorSelectorNilUsesHelmValues: false\n    probeSelectorNilUsesHelmValues: false\n  #nodeSelector:\n    #workload: monitor\ngrafana:\n  enabled: true\n  # -- the grafana admin password\n  adminPassword: prom-operator\n  defaultDashboardsEnabled: false\n  sidecar:\n      dashboards:\n        enabled: true\n  #nodeSelector:\n    #workload: monitor\nalertmanager:\n  enabled: true\n  #alertManagerSpec:\n    #nodeSelector:\n      #workload: monitor\n","response_body_base64":"IyBEZWZhdWx0IHZhbHVlcyBmb3IgY25wLXNhbmRib3guCiMgVGhpcyBpcyBhIFlBTUwtZm9ybWF0dGVkIGZpbGUuCiMgRGVjbGFyZSB2YXJpYWJsZXMgdG8gYmUgcGFzc2VkIGludG8geW91ciB0ZW1wbGF0ZXMuCiMKIwojIENvcHlyaWdodCBUaGUgQ2xvdWROYXRpdmVQRyBDb250cmlidXRvcnMKIwojIExpY2Vuc2VkIHVuZGVyIHRoZSBBcGFjaGUgTGljZW5zZSwgVmVyc2lvbiAyLjAgKHRoZSAiTGljZW5zZSIpOwojIHlvdSBtYXkgbm90IHVzZSB0aGlzIGZpbGUgZXhjZXB0IGluIGNvbXBsaWFuY2Ugd2l0aCB0aGUgTGljZW5zZS4KIyBZb3UgbWF5IG9idGFpbiBhIGNvcHkgb2YgdGhlIExpY2Vuc2UgYXQKIwojICAgICBodHRwOi8vd3d3LmFwYWNoZS5vcmcvbGljZW5zZXMvTElDRU5TRS0yLjAKIwojIFVubGVzcyByZXF1aXJlZCBieSBhcHBsaWNhYmxlIGxhdyBvciBhZ3JlZWQgdG8gaW4gd3JpdGluZywgc29mdHdhcmUKIyBkaXN0cmlidXRlZCB1bmRlciB0aGUgTGljZW5zZSBpcyBkaXN0cmlidXRlZCBvbiBhbiAiQVMgSVMiIEJBU0lTLAojIFdJVEhPVVQgV0FSUkFOVElFUyBPUiBDT05ESVRJT05TIE9GIEFOWSBLSU5ELCBlaXRoZXIgZXhwcmVzcyBvciBpbXBsaWVkLgojIFNlZSB0aGUgTGljZW5zZSBmb3IgdGhlIHNwZWNpZmljIGxhbmd1YWdlIGdvdmVybmluZyBwZXJtaXNzaW9ucyBhbmQKIyBsaW1pdGF0aW9ucyB1bmRlciB0aGUgTGljZW5zZS4KIwoKIyAtLSBoZXJlIHlvdSBjYW4gcGFzcyB0aGUgd2hvbGUgdmFsdWVzIGRpcmVjdGx5IHRvIHRoZSBrdWJlLXByb21ldGhldXMtc3RhY2sgY2hhcnQKZW5hYmxlZDogdHJ1ZQprdWJlQ29udHJvbGxlck1hbmFnZXI6CiAgZW5hYmxlZDogZmFsc2UKbm9kZUV4cG9ydGVyOgogIGVuYWJsZWQ6IGZhbHNlCmRlZmF1bHRSdWxlczoKICBjcmVhdGU6IHRydWUKICBydWxlczoKICAgIGFsZXJ0bWFuYWdlcjogZmFsc2UKICAgIGV0Y2Q6IGZhbHNlCiAgICBjb25maWdSZWxvYWRlcnM6IGZhbHNlCiAgICBnZW5lcmFsOiBmYWxzZQogICAgazhzOiB0cnVlCiAgICBrdWJlQXBpc2VydmVyOiBmYWxzZQogICAga3ViZUFwaXNlcnZlckF2YWlsYWJpbGl0eTogZmFsc2UKICAgIGt1YmVBcGlzZXJ2ZXJTbG9zOiBmYWxzZQogICAga3ViZWxldDogdHJ1ZQogICAga3ViZVByb3h5OiBmYWxzZQogICAga3ViZVByb21ldGhldXNHZW5lcmFsOiBmYWxzZQogICAga3ViZVByb21ldGhldXNOb2RlUmVjb3JkaW5nOiBmYWxzZQogICAga3ViZXJuZXRlc0FwcHM6IGZhbHNlCiAgICBrdWJlcm5ldGVzUmVzb3VyY2VzOiBmYWxzZQogICAga3ViZXJuZXRlc1N0b3JhZ2U6IGZhbHNlCiAgICBrdWJlcm5ldGVzU3lzdGVtOiBmYWxzZQogICAga3ViZVNjaGVkdWxlcjogZmFsc2UKICAgIGt1YmVTdGF0ZU1ldHJpY3M6IGZhbHNlCiAgICBuZXR3b3JrOiBmYWxzZQogICAgbm9kZTogdHJ1ZQogICAgbm9kZUV4cG9ydGVyQWxlcnRpbmc6IGZhbHNlCiAgICBub2RlRXhwb3J0ZXJSZWNvcmRpbmc6IHRydWUKICAgIHByb21ldGhldXM6IGZhbHNlCiAgICBwcm9tZXRoZXVzT3BlcmF0b3I6IGZhbHNlCgojbm9kZVNlbGVjdG9yOgogICN3b3JrbG9hZDogbW9uaXRvcgpwcm9tZXRoZXVzOgogIHByb21ldGhldXNTcGVjOgogICAgcG9kTW9uaXRvclNlbGVjdG9yTmlsVXNlc0hlbG1WYWx1ZXM6IGZhbHNlCiAgICBydWxlU2VsZWN0b3JOaWxVc2VzSGVsbVZhbHVlczogZmFsc2UKICAgIHNlcnZpY2VNb25pdG9yU2VsZWN0b3JOaWxVc2VzSGVsbVZhbHVlczogZmFsc2UKICAgIHByb2JlU2VsZWN0b3JOaWxVc2VzSGVsbVZhbHVlczogZmFsc2UKICAjbm9kZVNlbGVjdG9yOgogICAgI3dvcmtsb2FkOiBtb25pdG9yCmdyYWZhbmE6CiAgZW5hYmxlZDogdHJ1ZQogICMgLS0gdGhlIGdyYWZhbmEgYWRtaW4gcGFzc3dvcmQKICBhZG1pblBhc3N3b3JkOiBwcm9tLW9wZXJhdG9yCiAgZGVmYXVsdERhc2hib2FyZHNFbmFibGVkOiBmYWxzZQogIHNpZGVjYXI6CiAgICAgIGRhc2hib2FyZHM6CiAgICAgICAgZW5hYmxlZDogdHJ1ZQogICNub2RlU2VsZWN0b3I6CiAgICAjd29ya2xvYWQ6IG1vbml0b3IKYWxlcnRtYW5hZ2VyOgogIGVuYWJsZWQ6IHRydWUKICAjYWxlcnRNYW5hZ2VyU3BlYzoKICAgICNub2RlU2VsZWN0b3I6CiAgICAgICN3b3JrbG9hZDogbW9uaXRvcgo=","response_headers":{"Accept-Ranges":"bytes","Access-Control-Allow-Origin":"*","Cache-Control":"max-age=300","Content-Security-Policy":"default-src 'none'; style-src 'unsafe-inline'; sandbox","Content-Type":"text/plain; charset=utf-8","Cross-Origin-Resource-Policy":"cross-origin","Date":"Tue, 31 Dec 2024 09:15:11 GMT","Etag":"W/\"da7fb14f712ebc1bd1ba289e725b5c079653c7c8d70eaf9af383762147f7e41b\"","Expires":"Tue, 31 Dec 2024 09:20:11 GMT","Source-Age":"0","Strict-Transport-Security":"max-age=31536000","Vary":"Authorization,Accept-Encoding,Origin","Via":"1.1 varnish","X-Cache":"HIT","X-Cache-Hits":"0","X-Content-Type-Options":"nosniff","X-Fastly-Request-Id":"5e443636ed5d04d062a493b0844c1059de0e6717","X-Frame-Options":"deny","X-Github-Request-Id":"83DF:4D53A:582A21C:5BD97D4:6773B1EC","X-Served-By":"cache-cph2320035-CPH","X-Timer":"S1735636511.087092,VS0,VE229","X-Xss-Protection":"1; mode=block"},"retry":null,"status_code":200,"url":"https://raw.githubusercontent.com/cloudnative-pg/cloudnative-pg/main/docs/src/samples/monitoring/kube-stack-config.yaml"},"sensitive_attributes":[]}]},{"module":"module.helm_releases","mode":"managed","type":"helm_release","name":"cnpg","provider":"provider[\"registry.opentofu.org/hashicorp/helm\"]","instances":[{"schema_version":1,"attributes":{"atomic":false,"chart":"cloudnative-pg","cleanup_on_fail":false,"create_namespace":true,"dependency_update":false,"description":null,"devel":null,"disable_crd_hooks":false,"disable_openapi_validation":false,"disable_webhooks":false,"force_update":false,"id":"cnpg","keyring":null,"lint":false,"manifest":null,"max_history":0,"metadata":[{"app_version":"1.25.0","chart":"cloudnative-pg","first_deployed":1735583023,"last_deployed":1735583023,"name":"cnpg","namespace":"cnpg-system","notes":"\nCloudNativePG operator should be installed in namespace \"cnpg-system\".\nYou can now create a PostgreSQL cluster with 3 nodes as follows:\n\ncat \u003c\u003cEOF | kubectl apply -f -\n# Example of PostgreSQL cluster\napiVersion: postgresql.cnpg.io/v1\nkind: Cluster\nmetadata:\n  name: cluster-example\n  \nspec:\n  instances: 3\n  storage:\n    size: 1Gi\nEOF\n\nkubectl get -A cluster\n\n","revision":1,"values":"{}","version":"0.23.0"}],"name":"cnpg","namespace":"cnpg-system","pass_credentials":false,"postrender":[],"recreate_pods":false,"render_subchart_notes":true,"replace":false,"repository":"https://cloudnative-pg.github.io/charts","repository_ca_file":null,"repository_cert_file":null,"repository_key_file":null,"repository_password":null,"repository_username":null,"reset_values":false,"reuse_values":false,"set":[],"set_list":[],"set_sensitive":[],"skip_crds":false,"status":"deployed","timeout":300,"upgrade_install":null,"values":null,"verify":false,"version":"0.23.0","wait":true,"wait_for_jobs":false},"sensitive_attributes":[[{"type":"get_attr","value":"repository_password"}]],"private":"eyJzY2hlbWFfdmVyc2lvbiI6IjEifQ==","dependencies":["module.k8s_manifests.kubernetes_manifest.paperless","module.k8s_manifests.kubernetes_manifest.postgres_cluster","module.k8s_manifests.kubernetes_namespace.namespace","module.k8s_manifests.kubernetes_persistent_volume_claim.consume_pvc","module.k8s_manifests.kubernetes_persistent_volume_claim.data_pvc","module.k8s_manifests.kubernetes_persistent_volume_claim.export_pvc","module.k8s_manifests.kubernetes_persistent_volume_claim.media_pvc","module.k8s_manifests.kubernetes_secret.paperless_postgres_credentials","module.k8s_manifests.kubernetes_secret.postgres_credentials","module.k8s_manifests.kubernetes_service.paperless_service"]}]},{"module":"module.helm_releases","mode":"managed","type":"helm_release","name":"pihole","provider":"provider[\"registry.opentofu.org/hashicorp/helm\"]","instances":[{"schema_version":1,"attributes":{"atomic":false,"chart":"pihole","cleanup_on_fail":false,"create_namespace":false,"dependency_update":false,"description":null,"devel":null,"disable_crd_hooks":false,"disable_openapi_validation":false,"disable_webhooks":false,"force_update":false,"id":"pihole","keyring":null,"lint":false,"manifest":null,"max_history":0,"metadata":[{"app_version":"2024.07.0","chart":"pihole","first_deployed":1735582797,"last_deployed":1735636083,"name":"pihole","namespace":"home","notes":"Pi-hole Helm Chart Deployment\n\n1. Pi-hole Deployment Information:\n   - Release Name: pihole\n   - Namespace: home\n   - Chart Name: pihole\n   - Chart Version: 2.27.0\n\n2. Pi-hole Service Information:\n   - Service Name: pihole-web\n   - Service Type: ClusterIP\n   - Service Port: 80/443 TCP\n\n   - Service Name: pihole-dns-tcp\n   - Service Type: NodePort\n   - Service Port: 53 TCP\n\n   - Service Name: pihole-dns-udp\n   - Service Type: NodePort\n   - Service Port: 53 UDP\n\n   - Service Name: pihole-dhcp\n   - Service Type: NodePort\n   - Service Port: 67 UDP\n\n3. Accessing Pi-hole:\n   !!! This chart does not create a Loadbalancer for pihole by default. Please\n   create a configuration that is tailored to your setup. Especially the DNS\n   and DHCP services are system services that require a dedicated setup based\n   on your system !!!\n\n   Find more information in the wiki:\n   https://github.com/MoJo2600/pihole-kubernetes/wiki/Pi%E2%80%90hole\n\n4. Useful Commands:\n   - Check the Pi-hole Deployment Status:\n     helm status pihole\n\n   - Get Detailed Information about the Pi-hole Deployment:\n     helm get all pihole\n\n5. Clean Up:\n   - To uninstall/delete the Pi-hole deployment, run:\n     helm uninstall pihole","revision":2,"values":"{\"dnsmasq\":{\"customDnsEntries\":[\"address=/pihole.home.io/10.0.0.101\",\"address=/postgres.home.io/10.0.0.102\",\"address=/paperless.home.io/10.0.0.103\"]},\"persistentVolumeClaim\":{\"enabled\":true},\"serviceDns\":{\"annotations\":{\"metallb.universe.tf/allow-shared-ip\":\"pihole-svc\"},\"loadBalancerIP\":\"10.0.0.101\",\"type\":\"LoadBalancer\"},\"serviceWeb\":{\"annotations\":{\"metallb.universe.tf/allow-shared-ip\":\"pihole-svc\"},\"loadBalancerIP\":\"10.0.0.101\",\"type\":\"LoadBalancer\"}}","version":"2.27.0"}],"name":"pihole","namespace":"home","pass_credentials":false,"postrender":[],"recreate_pods":false,"render_subchart_notes":true,"replace":false,"repository":"https://mojo2600.github.io/pihole-kubernetes/","repository_ca_file":null,"repository_cert_file":null,"repository_key_file":null,"repository_password":null,"repository_username":null,"reset_values":false,"reuse_values":false,"set":[],"set_list":[],"set_sensitive":[],"skip_crds":false,"status":"deployed","timeout":300,"upgrade_install":null,"values":["dnsmasq:\n  customDnsEntries:\n    - address=/pihole.home.io/10.0.0.101\n    - address=/postgres.home.io/10.0.0.102\n    - address=/paperless.home.io/10.0.0.103\n\n\npersistentVolumeClaim:\n  enabled: true\n\nserviceWeb:\n  loadBalancerIP: 10.0.0.101\n  annotations:\n    metallb.universe.tf/allow-shared-ip: pihole-svc\n  type: LoadBalancer\n\nserviceDns:\n  loadBalancerIP: 10.0.0.101\n  annotations:\n    metallb.universe.tf/allow-shared-ip: pihole-svc\n  type: LoadBalancer\n\n"],"verify":false,"version":"2.27.0","wait":true,"wait_for_jobs":false},"sensitive_attributes":[[{"type":"get_attr","value":"repository_password"}]],"private":"eyJzY2hlbWFfdmVyc2lvbiI6IjEifQ==","dependencies":["module.k8s_manifests.kubernetes_manifest.paperless","module.k8s_manifests.kubernetes_manifest.postgres_cluster","module.k8s_manifests.kubernetes_namespace.namespace","module.k8s_manifests.kubernetes_persistent_volume_claim.consume_pvc","module.k8s_manifests.kubernetes_persistent_volume_claim.data_pvc","module.k8s_manifests.kubernetes_persistent_volume_claim.export_pvc","module.k8s_manifests.kubernetes_persistent_volume_claim.media_pvc","module.k8s_manifests.kubernetes_secret.paperless_postgres_credentials","module.k8s_manifests.kubernetes_secret.postgres_credentials","module.k8s_manifests.kubernetes_service.paperless_service"]}]},{"module":"module.helm_releases","mode":"managed","type":"helm_release","name":"prometheus_alt","provider":"provider[\"registry.opentofu.org/hashicorp/helm\"]","instances":[{"schema_version":1,"attributes":{"atomic":false,"chart":"kube-prometheus-stack","cleanup_on_fail":false,"create_namespace":false,"dependency_update":false,"description":null,"devel":null,"disable_crd_hooks":false,"disable_openapi_validation":false,"disable_webhooks":false,"force_update":false,"id":"prometheus-community","keyring":null,"lint":false,"manifest":null,"max_history":0,"metadata":[{"app_version":"v0.79.2","chart":"kube-prometheus-stack","first_deployed":1735583895,"last_deployed":1735636516,"name":"prometheus-community","namespace":"default","notes":"kube-state-metrics is a simple service that listens to the Kubernetes API server and generates metrics about the state of the objects.\nThe exposed metrics can be found here:\nhttps://github.com/kubernetes/kube-state-metrics/blob/master/docs/README.md#exposed-metrics\n\nThe metrics are exported on the HTTP endpoint /metrics on the listening port.\nIn your case, prometheus-community-kube-state-metrics.default.svc.cluster.local:8080/metrics\n\nThey are served either as plaintext or protobuf depending on the Accept header.\nThey are designed to be consumed either by Prometheus itself or by a scraper that is compatible with scraping a Prometheus client endpoint.\n\nkube-prometheus-stack has been installed. Check its status by running:\n  kubectl --namespace default get pods -l \"release=prometheus-community\"\n\nVisit https://github.com/prometheus-operator/kube-prometheus for instructions on how to create \u0026 configure Alertmanager and Prometheus instances using the Operator.\n\n1. Get your 'admin' user password by running:\n\n   kubectl get secret --namespace default prometheus-community-grafana -o jsonpath=\"{.data.admin-password}\" | base64 --decode ; echo\n\n\n2. The Grafana server can be accessed via port 80 on the following DNS name from within your cluster:\n\n   prometheus-community-grafana.default.svc.cluster.local\n\n   Get the Grafana URL to visit by running these commands in the same shell:\n   NOTE: It may take a few minutes for the LoadBalancer IP to be available.\n        You can watch the status of by running 'kubectl get svc --namespace default -w prometheus-community-grafana'\n     export SERVICE_IP=$(kubectl get svc --namespace default prometheus-community-grafana -o jsonpath='{.status.loadBalancer.ingress[0].ip}')\n     http://$SERVICE_IP:80\n\n3. Login with the password from step 1 and the username: admin\n#################################################################################\n######   WARNING: Persistence is disabled!!! You will lose your data when   #####\n######            the Grafana pod is terminated.                            #####\n#################################################################################\n","revision":2,"values":"{\"alertmanager\":{\"enabled\":true},\"defaultRules\":{\"create\":true,\"rules\":{\"alertmanager\":false,\"configReloaders\":false,\"etcd\":false,\"general\":false,\"k8s\":true,\"kubeApiserver\":false,\"kubeApiserverAvailability\":false,\"kubeApiserverSlos\":false,\"kubePrometheusGeneral\":false,\"kubePrometheusNodeRecording\":false,\"kubeProxy\":false,\"kubeScheduler\":false,\"kubeStateMetrics\":false,\"kubelet\":true,\"kubernetesApps\":false,\"kubernetesResources\":false,\"kubernetesStorage\":false,\"kubernetesSystem\":false,\"network\":false,\"node\":true,\"nodeExporterAlerting\":false,\"nodeExporterRecording\":true,\"prometheus\":false,\"prometheusOperator\":false}},\"enabled\":true,\"grafana\":{\"adminPassword\":\"prom-operator\",\"defaultDashboardsEnabled\":false,\"enabled\":true,\"service\":{\"annotations\":{\"metallb.universe.tf/loadBalancerIPs\":\"10.0.0.104\"},\"type\":\"LoadBalancer\"},\"sidecar\":{\"dashboards\":{\"enabled\":true}}},\"kubeControllerManager\":{\"enabled\":false},\"nodeExporter\":{\"enabled\":false},\"prometheus\":{\"prometheusSpec\":{\"podMonitorSelectorNilUsesHelmValues\":false,\"probeSelectorNilUsesHelmValues\":false,\"ruleSelectorNilUsesHelmValues\":false,\"serviceMonitorSelectorNilUsesHelmValues\":false}}}","version":"67.5.0"}],"name":"prometheus-community","namespace":"default","pass_credentials":false,"postrender":[],"recreate_pods":false,"render_subchart_notes":true,"replace":false,"repository":"https://prometheus-community.github.io/helm-charts","repository_ca_file":null,"repository_cert_file":null,"repository_key_file":null,"repository_password":null,"repository_username":null,"reset_values":false,"reuse_values":false,"set":[],"set_list":[],"set_sensitive":[],"skip_crds":false,"status":"deployed","timeout":300,"upgrade_install":null,"values":["# Default values for cnp-sandbox.\n# This is a YAML-formatted file.\n# Declare variables to be passed into your templates.\n#\n#\n# Copyright The CloudNativePG Contributors\n#\n# Licensed under the Apache License, Version 2.0 (the \"License\");\n# you may not use this file except in compliance with the License.\n# You may obtain a copy of the License at\n#\n#     http://www.apache.org/licenses/LICENSE-2.0\n#\n# Unless required by applicable law or agreed to in writing, software\n# distributed under the License is distributed on an \"AS IS\" BASIS,\n# WITHOUT WARRANTIES OR CONDITIONS OF ANY KIND, either express or implied.\n# See the License for the specific language governing permissions and\n# limitations under the License.\n#\n\n# -- here you can pass the whole values directly to the kube-prometheus-stack chart\nenabled: true\nkubeControllerManager:\n  enabled: false\nnodeExporter:\n  enabled: false\ndefaultRules:\n  create: true\n  rules:\n    alertmanager: false\n    etcd: false\n    configReloaders: false\n    general: false\n    k8s: true\n    kubeApiserver: false\n    kubeApiserverAvailability: false\n    kubeApiserverSlos: false\n    kubelet: true\n    kubeProxy: false\n    kubePrometheusGeneral: false\n    kubePrometheusNodeRecording: false\n    kubernetesApps: false\n    kubernetesResources: false\n    kubernetesStorage: false\n    kubernetesSystem: false\n    kubeScheduler: false\n    kubeStateMetrics: false\n    network: false\n    node: true\n    nodeExporterAlerting: false\n    nodeExporterRecording: true\n    prometheus: false\n    prometheusOperator: false\n\n#nodeSelector:\n  #workload: monitor\nprometheus:\n  prometheusSpec:\n    podMonitorSelectorNilUsesHelmValues: false\n    ruleSelectorNilUsesHelmValues: false\n    serviceMonitorSelectorNilUsesHelmValues: false\n    probeSelectorNilUsesHelmValues: false\n  #nodeSelector:\n    #workload: monitor\ngrafana:\n  enabled: true\n  # -- the grafana admin password\n  adminPassword: prom-operator\n  defaultDashboardsEnabled: false\n  sidecar:\n      dashboards:\n        enabled: true\n  #nodeSelector:\n    #workload: monitor\nalertmanager:\n  enabled: true\n  #alertManagerSpec:\n    #nodeSelector:\n      #workload: monitor\n","\"grafana\":\n  \"service\":\n    \"annotations\":\n      \"metallb.universe.tf/loadBalancerIPs\": \"10.0.0.104\"\n    \"type\": \"LoadBalancer\"\n"],"verify":false,"version":"67.5.0","wait":true,"wait_for_jobs":false},"sensitive_attributes":[[{"type":"get_attr","value":"repository_password"}]],"private":"eyJzY2hlbWFfdmVyc2lvbiI6IjEifQ==","dependencies":["module.helm_releases.data.http.kube_stack_config","module.helm_releases.helm_release.cnpg","module.k8s_manifests.kubernetes_manifest.paperless","module.k8s_manifests.kubernetes_manifest.postgres_cluster","module.k8s_manifests.kubernetes_namespace.namespace","module.k8s_manifests.kubernetes_persistent_volume_claim.consume_pvc","module.k8s_manifests.kubernetes_persistent_volume_claim.data_pvc","module.k8s_manifests.kubernetes_persistent_volume_claim.export_pvc","module.k8s_manifests.kubernetes_persistent_volume_claim.media_pvc","module.k8s_manifests.kubernetes_secret.paperless_postgres_credentials","module.k8s_manifests.kubernetes_secret.postgres_credentials","module.k8s_manifests.kubernetes_service.paperless_service"]}]},{"module":"module.helm_releases","mode":"managed","type":"helm_release","name":"redis","provider":"provider[\"registry.opentofu.org/hashicorp/helm\"]","instances":[{"schema_version":1,"attributes":{"atomic":false,"chart":"redis","cleanup_on_fail":false,"create_namespace":false,"dependency_update":false,"description":null,"devel":null,"disable_crd_hooks":false,"disable_openapi_validation":false,"disable_webhooks":false,"force_update":false,"id":"redis","keyring":null,"lint":false,"manifest":null,"max_history":0,"metadata":[{"app_version":"7.4.1","chart":"redis","first_deployed":1735586411,"last_deployed":1735586826,"name":"redis","namespace":"home","notes":"CHART NAME: redis\nCHART VERSION: 20.6.1\nAPP VERSION: 7.4.1\n\nDid you know there are enterprise versions of the Bitnami catalog? For enhanced secure software supply chain features, unlimited pulls from Docker, LTS support, or application customization, see Bitnami Premium or Tanzu Application Catalog. See https://www.arrow.com/globalecs/na/vendors/bitnami for more information.\n\n** Please be patient while the chart is being deployed **\n\nRedis\u0026reg; can be accessed via port 6379 on the following DNS name from within your cluster:\n\n    redis-master.home.svc.cluster.local\n\n\n\nTo connect to your Redis\u0026reg; server:\n\n1. Run a Redis\u0026reg; pod that you can use as a client:\n\n   kubectl run --namespace home redis-client --restart='Never'  --image docker.io/bitnami/redis:7.4.1-debian-12-r3 --command -- sleep infinity\n\n   Use the following command to attach to the pod:\n\n   kubectl exec --tty -i redis-client \\\n   --namespace home -- bash\n\n2. Connect using the Redis\u0026reg; CLI:\n   redis-cli -h redis-master\n\nTo connect to your database from outside the cluster execute the following commands:\n\n    kubectl port-forward --namespace home svc/redis-master 6379:6379 \u0026\n    redis-cli -h 127.0.0.1 -p 6379\n\nWARNING: There are \"resources\" sections in the chart not set. Using \"resourcesPreset\" is not recommended for production. For production installations, please set the following values according to your workload needs:\n  - replica.resources\n  - master.resources\n+info https://kubernetes.io/docs/concepts/configuration/manage-resources-containers/\n","revision":2,"values":"{\"architecture\":\"standalone\",\"auth\":{\"enabled\":false}}","version":"20.6.1"}],"name":"redis","namespace":"home","pass_credentials":false,"postrender":[],"recreate_pods":false,"render_subchart_notes":true,"replace":false,"repository":"oci://registry-1.docker.io/bitnamicharts","repository_ca_file":null,"repository_cert_file":null,"repository_key_file":null,"repository_password":null,"repository_username":null,"reset_values":false,"reuse_values":false,"set":[],"set_list":[],"set_sensitive":[],"skip_crds":false,"status":"deployed","timeout":300,"upgrade_install":null,"values":["architecture: standalone\nauth:\n  enabled: false"],"verify":false,"version":"20.6.1","wait":true,"wait_for_jobs":false},"sensitive_attributes":[[{"type":"get_attr","value":"repository_password"}]],"private":"eyJzY2hlbWFfdmVyc2lvbiI6IjEifQ==","dependencies":["module.k8s_manifests.kubernetes_manifest.paperless","module.k8s_manifests.kubernetes_manifest.postgres_cluster","module.k8s_manifests.kubernetes_namespace.namespace","module.k8s_manifests.kubernetes_persistent_volume_claim.consume_pvc","module.k8s_manifests.kubernetes_persistent_volume_claim.data_pvc","module.k8s_manifests.kubernetes_persistent_volume_claim.export_pvc","module.k8s_manifests.kubernetes_persistent_volume_claim.media_pvc","module.k8s_manifests.kubernetes_secret.paperless_postgres_credentials","module.k8s_manifests.kubernetes_secret.postgres_credentials","module.k8s_manifests.kubernetes_service.paperless_service"]}]},{"module":"module.k8s_manifests","mode":"managed","type":"kubernetes_manifest","name":"paperless","provider":"provider[\"registry.opentofu.org/hashicorp/kubernetes\"]","instances":[{"schema_version":1,"attributes":{"computed_fields":null,"field_manager":[],"manifest":{"value":{"apiVersion":"apps/v1","kind":"Deployment","metadata":{"name":"webserver","namespace":"home"},"spec":{"replicas":1,"selector":{"matchLabels":{"app":"paperless-ngx"}},"template":{"metadata":{"labels":{"app":"paperless-ngx"}},"spec":{"containers":[{"env":[{"name":"PAPERLESS_REDIS","value":"redis://redis-master:6379"},{"name":"PAPERLESS_DBHOST","value":"postgres-cluster-rw"}],"image":"ghcr.io/paperless-ngx/paperless-ngx:latest","name":"webserver","ports":[{"containerPort":8000}],"volumeMounts":[{"mountPath":"/usr/src/paperless/data","name":"data"},{"mountPath":"/usr/src/paperless/media","name":"media"},{"mountPath":"/usr/src/paperless/export","name":"export"},{"mountPath":"/usr/src/paperless/consume","name":"consume"}]}],"volumes":[{"name":"data","persistentVolumeClaim":{"claimName":"data-pvc"}},{"name":"media","persistentVolumeClaim":{"claimName":"media-pvc"}},{"name":"export","persistentVolumeClaim":{"claimName":"export-pvc"}},{"name":"consume","persistentVolumeClaim":{"claimName":"consume-pvc"}}]}}}},"type":["object",{"apiVersion":"string","kind":"string","metadata":["object",{"name":"string","namespace":"string"}],"spec":["object",{"replicas":"number","selector":["object",{"matchLabels":["object",{"app":"string"}]}],"template":["object",{"metadata":["object",{"labels":["object",{"app":"string"}]}],"spec":["object",{"containers":["tuple",[["object",{"env":["tuple",[["object",{"name":"string","value":"string"}],["object",{"name":"string","value":"string"}]]],"image":"string","name":"string","ports":["tuple",[["object",{"containerPort":"number"}]]],"volumeMounts":["tuple",[["object",{"mountPath":"string","name":"string"}],["object",{"mountPath":"string","name":"string"}],["object",{"mountPath":"string","name":"string"}],["object",{"mountPath":"string","name":"string"}]]]}]]],"volumes":["tuple",[["object",{"name":"string","persistentVolumeClaim":["object",{"claimName":"string"}]}],["object",{"name":"string","persistentVolumeClaim":["object",{"claimName":"string"}]}],["object",{"name":"string","persistentVolumeClaim":["object",{"claimName":"string"}]}],["object",{"name":"string","persistentVolumeClaim":["object",{"claimName":"string"}]}]]]}]}]}]}]},"object":{"value":{"apiVersion":"apps/v1","kind":"Deployment","metadata":{"annotations":{"deployment.kubernetes.io/revision":"1"},"creationTimestamp":null,"deletionGracePeriodSeconds":null,"deletionTimestamp":null,"finalizers":null,"generateName":null,"generation":null,"labels":null,"managedFields":null,"name":"webserver","namespace":"home","ownerReferences":null,"resourceVersion":null,"selfLink":null,"uid":null},"spec":{"minReadySeconds":null,"paused":null,"progressDeadlineSeconds":600,"replicas":1,"revisionHistoryLimit":10,"selector":{"matchExpressions":null,"matchLabels":{"app":"paperless-ngx"}},"strategy":{"rollingUpdate":{"maxSurge":"25%","maxUnavailable":"25%"},"type":"RollingUpdate"},"template":{"metadata":{"annotations":null,"creationTimestamp":null,"deletionGracePeriodSeconds":null,"deletionTimestamp":null,"finalizers":null,"generateName":null,"generation":null,"labels":{"app":"paperless-ngx"},"managedFields":null,"name":null,"namespace":null,"ownerReferences":null,"resourceVersion":null,"selfLink":null,"uid":null},"spec":{"activeDeadlineSeconds":null,"affinity":{"nodeAffinity":{"preferredDuringSchedulingIgnoredDuringExecution":null,"requiredDuringSchedulingIgnoredDuringExecution":{"nodeSelectorTerms":null}},"podAffinity":{"preferredDuringSchedulingIgnoredDuringExecution":null,"requiredDuringSchedulingIgnoredDuringExecution":null},"podAntiAffinity":{"preferredDuringSchedulingIgnoredDuringExecution":null,"requiredDuringSchedulingIgnoredDuringExecution":null}},"automountServiceAccountToken":null,"containers":[{"args":null,"command":null,"env":[{"name":"PAPERLESS_REDIS","value":"redis://redis-master:6379","valueFrom":{"configMapKeyRef":{"key":null,"name":null,"optional":null},"fieldRef":{"apiVersion":null,"fieldPath":null},"resourceFieldRef":{"containerName":null,"divisor":null,"resource":null},"secretKeyRef":{"key":null,"name":null,"optional":null}}},{"name":"PAPERLESS_DBHOST","value":"postgres-cluster-rw","valueFrom":{"configMapKeyRef":{"key":null,"name":null,"optional":null},"fieldRef":{"apiVersion":null,"fieldPath":null},"resourceFieldRef":{"containerName":null,"divisor":null,"resource":null},"secretKeyRef":{"key":null,"name":null,"optional":null}}}],"envFrom":null,"image":"ghcr.io/paperless-ngx/paperless-ngx:latest","imagePullPolicy":"Always","lifecycle":{"postStart":{"exec":{"command":null},"httpGet":{"host":null,"httpHeaders":null,"path":null,"port":null,"scheme":null},"sleep":{"seconds":null},"tcpSocket":{"host":null,"port":null}},"preStop":{"exec":{"command":null},"httpGet":{"host":null,"httpHeaders":null,"path":null,"port":null,"scheme":null},"sleep":{"seconds":null},"tcpSocket":{"host":null,"port":null}}},"livenessProbe":{"exec":{"command":null},"failureThreshold":null,"grpc":{"port":null,"service":null},"httpGet":{"host":null,"httpHeaders":null,"path":null,"port":null,"scheme":null},"initialDelaySeconds":null,"periodSeconds":null,"successThreshold":null,"tcpSocket":{"host":null,"port":null},"terminationGracePeriodSeconds":null,"timeoutSeconds":null},"name":"webserver","ports":[{"containerPort":8000,"hostIP":null,"hostPort":null,"name":null,"protocol":"TCP"}],"readinessProbe":{"exec":{"command":null},"failureThreshold":null,"grpc":{"port":null,"service":null},"httpGet":{"host":null,"httpHeaders":null,"path":null,"port":null,"scheme":null},"initialDelaySeconds":null,"periodSeconds":null,"successThreshold":null,"tcpSocket":{"host":null,"port":null},"terminationGracePeriodSeconds":null,"timeoutSeconds":null},"resizePolicy":null,"resources":{"claims":null,"limits":null,"requests":null},"restartPolicy":null,"securityContext":{"allowPrivilegeEscalation":null,"appArmorProfile":{"localhostProfile":null,"type":null},"capabilities":{"add":null,"drop":null},"privileged":null,"procMount":null,"readOnlyRootFilesystem":null,"runAsGroup":null,"runAsNonRoot":null,"runAsUser":null,"seLinuxOptions":{"level":null,"role":null,"type":null,"user":null},"seccompProfile":{"localhostProfile":null,"type":null},"windowsOptions":{"gmsaCredentialSpec":null,"gmsaCredentialSpecName":null,"hostProcess":null,"runAsUserName":null}},"startupProbe":{"exec":{"command":null},"failureThreshold":null,"grpc":{"port":null,"service":null},"httpGet":{"host":null,"httpHeaders":null,"path":null,"port":null,"scheme":null},"initialDelaySeconds":null,"periodSeconds":null,"successThreshold":null,"tcpSocket":{"host":null,"port":null},"terminationGracePeriodSeconds":null,"timeoutSeconds":null},"stdin":null,"stdinOnce":null,"terminationMessagePath":"/dev/termination-log","terminationMessagePolicy":"File","tty":null,"volumeDevices":null,"volumeMounts":[{"mountPath":"/usr/src/paperless/data","mountPropagation":null,"name":"data","readOnly":null,"recursiveReadOnly":null,"subPath":null,"subPathExpr":null},{"mountPath":"/usr/src/paperless/media","mountPropagation":null,"name":"media","readOnly":null,"recursiveReadOnly":null,"subPath":null,"subPathExpr":null},{"mountPath":"/usr/src/paperless/export","mountPropagation":null,"name":"export","readOnly":null,"recursiveReadOnly":null,"subPath":null,"subPathExpr":null},{"mountPath":"/usr/src/paperless/consume","mountPropagation":null,"name":"consume","readOnly":null,"recursiveReadOnly":null,"subPath":null,"subPathExpr":null}],"workingDir":null}],"dnsConfig":{"nameservers":null,"options":null,"searches":null},"dnsPolicy":"ClusterFirst","enableServiceLinks":null,"ephemeralContainers":null,"hostAliases":null,"hostIPC":null,"hostNetwork":null,"hostPID":null,"hostUsers":null,"hostname":null,"imagePullSecrets":null,"initContainers":null,"nodeName":null,"nodeSelector":null,"os":{"name":null},"overhead":null,"preemptionPolicy":null,"priority":null,"priorityClassName":null,"readinessGates":null,"resourceClaims":null,"restartPolicy":"Always","runtimeClassName":null,"schedulerName":"default-scheduler","schedulingGates":null,"securityContext":{"appArmorProfile":{"localhostProfile":null,"type":null},"fsGroup":null,"fsGroupChangePolicy":null,"runAsGroup":null,"runAsNonRoot":null,"runAsUser":null,"seLinuxOptions":{"level":null,"role":null,"type":null,"user":null},"seccompProfile":{"localhostProfile":null,"type":null},"supplementalGroups":null,"sysctls":null,"windowsOptions":{"gmsaCredentialSpec":null,"gmsaCredentialSpecName":null,"hostProcess":null,"runAsUserName":null}},"serviceAccount":null,"serviceAccountName":null,"setHostnameAsFQDN":null,"shareProcessNamespace":null,"subdomain":null,"terminationGracePeriodSeconds":30,"tolerations":null,"topologySpreadConstraints":null,"volumes":[{"awsElasticBlockStore":{"fsType":null,"partition":null,"readOnly":null,"volumeID":null},"azureDisk":{"cachingMode":null,"diskName":null,"diskURI":null,"fsType":null,"kind":null,"readOnly":null},"azureFile":{"readOnly":null,"secretName":null,"shareName":null},"cephfs":{"monitors":null,"path":null,"readOnly":null,"secretFile":null,"secretRef":{"name":null},"user":null},"cinder":{"fsType":null,"readOnly":null,"secretRef":{"name":null},"volumeID":null},"configMap":{"defaultMode":null,"items":null,"name":null,"optional":null},"csi":{"driver":null,"fsType":null,"nodePublishSecretRef":{"name":null},"readOnly":null,"volumeAttributes":null},"downwardAPI":{"defaultMode":null,"items":null},"emptyDir":{"medium":null,"sizeLimit":null},"ephemeral":{"volumeClaimTemplate":{"metadata":{"annotations":null,"creationTimestamp":null,"deletionGracePeriodSeconds":null,"deletionTimestamp":null,"finalizers":null,"generateName":null,"generation":null,"labels":null,"managedFields":null,"name":null,"namespace":null,"ownerReferences":null,"resourceVersion":null,"selfLink":null,"uid":null},"spec":{"accessModes":null,"dataSource":{"apiGroup":null,"kind":null,"name":null},"dataSourceRef":{"apiGroup":null,"kind":null,"name":null,"namespace":null},"resources":{"limits":null,"requests":null},"selector":{"matchExpressions":null,"matchLabels":null},"storageClassName":null,"volumeAttributesClassName":null,"volumeMode":null,"volumeName":null}}},"fc":{"fsType":null,"lun":null,"readOnly":null,"targetWWNs":null,"wwids":null},"flexVolume":{"driver":null,"fsType":null,"options":null,"readOnly":null,"secretRef":{"name":null}},"flocker":{"datasetName":null,"datasetUUID":null},"gcePersistentDisk":{"fsType":null,"partition":null,"pdName":null,"readOnly":null},"gitRepo":{"directory":null,"repository":null,"revision":null},"glusterfs":{"endpoints":null,"path":null,"readOnly":null},"hostPath":{"path":null,"type":null},"iscsi":{"chapAuthDiscovery":null,"chapAuthSession":null,"fsType":null,"initiatorName":null,"iqn":null,"iscsiInterface":null,"lun":null,"portals":null,"readOnly":null,"secretRef":{"name":null},"targetPortal":null},"name":"data","nfs":{"path":null,"readOnly":null,"server":null},"persistentVolumeClaim":{"claimName":"data-pvc","readOnly":null},"photonPersistentDisk":{"fsType":null,"pdID":null},"portworxVolume":{"fsType":null,"readOnly":null,"volumeID":null},"projected":{"defaultMode":null,"sources":null},"quobyte":{"group":null,"readOnly":null,"registry":null,"tenant":null,"user":null,"volume":null},"rbd":{"fsType":null,"image":null,"keyring":null,"monitors":null,"pool":null,"readOnly":null,"secretRef":{"name":null},"user":null},"scaleIO":{"fsType":null,"gateway":null,"protectionDomain":null,"readOnly":null,"secretRef":{"name":null},"sslEnabled":null,"storageMode":null,"storagePool":null,"system":null,"volumeName":null},"secret":{"defaultMode":null,"items":null,"optional":null,"secretName":null},"storageos":{"fsType":null,"readOnly":null,"secretRef":{"name":null},"volumeName":null,"volumeNamespace":null},"vsphereVolume":{"fsType":null,"storagePolicyID":null,"storagePolicyName":null,"volumePath":null}},{"awsElasticBlockStore":{"fsType":null,"partition":null,"readOnly":null,"volumeID":null},"azureDisk":{"cachingMode":null,"diskName":null,"diskURI":null,"fsType":null,"kind":null,"readOnly":null},"azureFile":{"readOnly":null,"secretName":null,"shareName":null},"cephfs":{"monitors":null,"path":null,"readOnly":null,"secretFile":null,"secretRef":{"name":null},"user":null},"cinder":{"fsType":null,"readOnly":null,"secretRef":{"name":null},"volumeID":null},"configMap":{"defaultMode":null,"items":null,"name":null,"optional":null},"csi":{"driver":null,"fsType":null,"nodePublishSecretRef":{"name":null},"readOnly":null,"volumeAttributes":null},"downwardAPI":{"defaultMode":null,"items":null},"emptyDir":{"medium":null,"sizeLimit":null},"ephemeral":{"volumeClaimTemplate":{"metadata":{"annotations":null,"creationTimestamp":null,"deletionGracePeriodSeconds":null,"deletionTimestamp":null,"finalizers":null,"generateName":null,"generation":null,"labels":null,"managedFields":null,"name":null,"namespace":null,"ownerReferences":null,"resourceVersion":null,"selfLink":null,"uid":null},"spec":{"accessModes":null,"dataSource":{"apiGroup":null,"kind":null,"name":null},"dataSourceRef":{"apiGroup":null,"kind":null,"name":null,"namespace":null},"resources":{"limits":null,"requests":null},"selector":{"matchExpressions":null,"matchLabels":null},"storageClassName":null,"volumeAttributesClassName":null,"volumeMode":null,"volumeName":null}}},"fc":{"fsType":null,"lun":null,"readOnly":null,"targetWWNs":null,"wwids":null},"flexVolume":{"driver":null,"fsType":null,"options":null,"readOnly":null,"secretRef":{"name":null}},"flocker":{"datasetName":null,"datasetUUID":null},"gcePersistentDisk":{"fsType":null,"partition":null,"pdName":null,"readOnly":null},"gitRepo":{"directory":null,"repository":null,"revision":null},"glusterfs":{"endpoints":null,"path":null,"readOnly":null},"hostPath":{"path":null,"type":null},"iscsi":{"chapAuthDiscovery":null,"chapAuthSession":null,"fsType":null,"initiatorName":null,"iqn":null,"iscsiInterface":null,"lun":null,"portals":null,"readOnly":null,"secretRef":{"name":null},"targetPortal":null},"name":"media","nfs":{"path":null,"readOnly":null,"server":null},"persistentVolumeClaim":{"claimName":"media-pvc","readOnly":null},"photonPersistentDisk":{"fsType":null,"pdID":null},"portworxVolume":{"fsType":null,"readOnly":null,"volumeID":null},"projected":{"defaultMode":null,"sources":null},"quobyte":{"group":null,"readOnly":null,"registry":null,"tenant":null,"user":null,"volume":null},"rbd":{"fsType":null,"image":null,"keyring":null,"monitors":null,"pool":null,"readOnly":null,"secretRef":{"name":null},"user":null},"scaleIO":{"fsType":null,"gateway":null,"protectionDomain":null,"readOnly":null,"secretRef":{"name":null},"sslEnabled":null,"storageMode":null,"storagePool":null,"system":null,"volumeName":null},"secret":{"defaultMode":null,"items":null,"optional":null,"secretName":null},"storageos":{"fsType":null,"readOnly":null,"secretRef":{"name":null},"volumeName":null,"volumeNamespace":null},"vsphereVolume":{"fsType":null,"storagePolicyID":null,"storagePolicyName":null,"volumePath":null}},{"awsElasticBlockStore":{"fsType":null,"partition":null,"readOnly":null,"volumeID":null},"azureDisk":{"cachingMode":null,"diskName":null,"diskURI":null,"fsType":null,"kind":null,"readOnly":null},"azureFile":{"readOnly":null,"secretName":null,"shareName":null},"cephfs":{"monitors":null,"path":null,"readOnly":null,"secretFile":null,"secretRef":{"name":null},"user":null},"cinder":{"fsType":null,"readOnly":null,"secretRef":{"name":null},"volumeID":null},"configMap":{"defaultMode":null,"items":null,"name":null,"optional":null},"csi":{"driver":null,"fsType":null,"nodePublishSecretRef":{"name":null},"readOnly":null,"volumeAttributes":null},"downwardAPI":{"defaultMode":null,"items":null},"emptyDir":{"medium":null,"sizeLimit":null},"ephemeral":{"volumeClaimTemplate":{"metadata":{"annotations":null,"creationTimestamp":null,"deletionGracePeriodSeconds":null,"deletionTimestamp":null,"finalizers":null,"generateName":null,"generation":null,"labels":null,"managedFields":null,"name":null,"namespace":null,"ownerReferences":null,"resourceVersion":null,"selfLink":null,"uid":null},"spec":{"accessModes":null,"dataSource":{"apiGroup":null,"kind":null,"name":null},"dataSourceRef":{"apiGroup":null,"kind":null,"name":null,"namespace":null},"resources":{"limits":null,"requests":null},"selector":{"matchExpressions":null,"matchLabels":null},"storageClassName":null,"volumeAttributesClassName":null,"volumeMode":null,"volumeName":null}}},"fc":{"fsType":null,"lun":null,"readOnly":null,"targetWWNs":null,"wwids":null},"flexVolume":{"driver":null,"fsType":null,"options":null,"readOnly":null,"secretRef":{"name":null}},"flocker":{"datasetName":null,"datasetUUID":null},"gcePersistentDisk":{"fsType":null,"partition":null,"pdName":null,"readOnly":null},"gitRepo":{"directory":null,"repository":null,"revision":null},"glusterfs":{"endpoints":null,"path":null,"readOnly":null},"hostPath":{"path":null,"type":null},"iscsi":{"chapAuthDiscovery":null,"chapAuthSession":null,"fsType":null,"initiatorName":null,"iqn":null,"iscsiInterface":null,"lun":null,"portals":null,"readOnly":null,"secretRef":{"name":null},"targetPortal":null},"name":"export","nfs":{"path":null,"readOnly":null,"server":null},"persistentVolumeClaim":{"claimName":"export-pvc","readOnly":null},"photonPersistentDisk":{"fsType":null,"pdID":null},"portworxVolume":{"fsType":null,"readOnly":null,"volumeID":null},"projected":{"defaultMode":null,"sources":null},"quobyte":{"group":null,"readOnly":null,"registry":null,"tenant":null,"user":null,"volume":null},"rbd":{"fsType":null,"image":null,"keyring":null,"monitors":null,"pool":null,"readOnly":null,"secretRef":{"name":null},"user":null},"scaleIO":{"fsType":null,"gateway":null,"protectionDomain":null,"readOnly":null,"secretRef":{"name":null},"sslEnabled":null,"storageMode":null,"storagePool":null,"system":null,"volumeName":null},"secret":{"defaultMode":null,"items":null,"optional":null,"secretName":null},"storageos":{"fsType":null,"readOnly":null,"secretRef":{"name":null},"volumeName":null,"volumeNamespace":null},"vsphereVolume":{"fsType":null,"storagePolicyID":null,"storagePolicyName":null,"volumePath":null}},{"awsElasticBlockStore":{"fsType":null,"partition":null,"readOnly":null,"volumeID":null},"azureDisk":{"cachingMode":null,"diskName":null,"diskURI":null,"fsType":null,"kind":null,"readOnly":null},"azureFile":{"readOnly":null,"secretName":null,"shareName":null},"cephfs":{"monitors":null,"path":null,"readOnly":null,"secretFile":null,"secretRef":{"name":null},"user":null},"cinder":{"fsType":null,"readOnly":null,"secretRef":{"name":null},"volumeID":null},"configMap":{"defaultMode":null,"items":null,"name":null,"optional":null},"csi":{"driver":null,"fsType":null,"nodePublishSecretRef":{"name":null},"readOnly":null,"volumeAttributes":null},"downwardAPI":{"defaultMode":null,"items":null},"emptyDir":{"medium":null,"sizeLimit":null},"ephemeral":{"volumeClaimTemplate":{"metadata":{"annotations":null,"creationTimestamp":null,"deletionGracePeriodSeconds":null,"deletionTimestamp":null,"finalizers":null,"generateName":null,"generation":null,"labels":null,"managedFields":null,"name":null,"namespace":null,"ownerReferences":null,"resourceVersion":null,"selfLink":null,"uid":null},"spec":{"accessModes":null,"dataSource":{"apiGroup":null,"kind":null,"name":null},"dataSourceRef":{"apiGroup":null,"kind":null,"name":null,"namespace":null},"resources":{"limits":null,"requests":null},"selector":{"matchExpressions":null,"matchLabels":null},"storageClassName":null,"volumeAttributesClassName":null,"volumeMode":null,"volumeName":null}}},"fc":{"fsType":null,"lun":null,"readOnly":null,"targetWWNs":null,"wwids":null},"flexVolume":{"driver":null,"fsType":null,"options":null,"readOnly":null,"secretRef":{"name":null}},"flocker":{"datasetName":null,"datasetUUID":null},"gcePersistentDisk":{"fsType":null,"partition":null,"pdName":null,"readOnly":null},"gitRepo":{"directory":null,"repository":null,"revision":null},"glusterfs":{"endpoints":null,"path":null,"readOnly":null},"hostPath":{"path":null,"type":null},"iscsi":{"chapAuthDiscovery":null,"chapAuthSession":null,"fsType":null,"initiatorName":null,"iqn":null,"iscsiInterface":null,"lun":null,"portals":null,"readOnly":null,"secretRef":{"name":null},"targetPortal":null},"name":"consume","nfs":{"path":null,"readOnly":null,"server":null},"persistentVolumeClaim":{"claimName":"consume-pvc","readOnly":null},"photonPersistentDisk":{"fsType":null,"pdID":null},"portworxVolume":{"fsType":null,"readOnly":null,"volumeID":null},"projected":{"defaultMode":null,"sources":null},"quobyte":{"group":null,"readOnly":null,"registry":null,"tenant":null,"user":null,"volume":null},"rbd":{"fsType":null,"image":null,"keyring":null,"monitors":null,"pool":null,"readOnly":null,"secretRef":{"name":null},"user":null},"scaleIO":{"fsType":null,"gateway":null,"protectionDomain":null,"readOnly":null,"secretRef":{"name":null},"sslEnabled":null,"storageMode":null,"storagePool":null,"system":null,"volumeName":null},"secret":{"defaultMode":null,"items":null,"optional":null,"secretName":null},"storageos":{"fsType":null,"readOnly":null,"secretRef":{"name":null},"volumeName":null,"volumeNamespace":null},"vsphereVolume":{"fsType":null,"storagePolicyID":null,"storagePolicyName":null,"volumePath":null}}]}}}},"type":["object",{"apiVersion":"string","kind":"string","metadata":["object",{"annotations":["map","string"],"creationTimestamp":"string","deletionGracePeriodSeconds":"number","deletionTimestamp":"string","finalizers":["list","string"],"generateName":"string","generation":"number","labels":["map","string"],"managedFields":["tuple",[["object",{"apiVersion":"string","fieldsType":"string","fieldsV1":"dynamic","manager":"string","operation":"string","subresource":"string","time":"string"}]]],"name":"string","namespace":"string","ownerReferences":["list",["object",{"apiVersion":"string","blockOwnerDeletion":"bool","controller":"bool","kind":"string","name":"string","uid":"string"}]],"resourceVersion":"string","selfLink":"string","uid":"string"}],"spec":["object",{"minReadySeconds":"number","paused":"bool","progressDeadlineSeconds":"number","replicas":"number","revisionHistoryLimit":"number","selector":["object",{"matchExpressions":["list",["object",{"key":"string","operator":"string","values":["list","string"]}]],"matchLabels":["map","string"]}],"strategy":["object",{"rollingUpdate":["object",{"maxSurge":"string","maxUnavailable":"string"}],"type":"string"}],"template":["object",{"metadata":["object",{"annotations":["map","string"],"creationTimestamp":"string","deletionGracePeriodSeconds":"number","deletionTimestamp":"string","finalizers":["list","string"],"generateName":"string","generation":"number","labels":["map","string"],"managedFields":["tuple",[["object",{"apiVersion":"string","fieldsType":"string","fieldsV1":"dynamic","manager":"string","operation":"string","subresource":"string","time":"string"}]]],"name":"string","namespace":"string","ownerReferences":["list",["object",{"apiVersion":"string","blockOwnerDeletion":"bool","controller":"bool","kind":"string","name":"string","uid":"string"}]],"resourceVersion":"string","selfLink":"string","uid":"string"}],"spec":["object",{"activeDeadlineSeconds":"number","affinity":["object",{"nodeAffinity":["object",{"preferredDuringSchedulingIgnoredDuringExecution":["list",["object",{"preference":["object",{"matchExpressions":["list",["object",{"key":"string","operator":"string","values":["list","string"]}]],"matchFields":["list",["object",{"key":"string","operator":"string","values":["list","string"]}]]}],"weight":"number"}]],"requiredDuringSchedulingIgnoredDuringExecution":["object",{"nodeSelectorTerms":["list",["object",{"matchExpressions":["list",["object",{"key":"string","operator":"string","values":["list","string"]}]],"matchFields":["list",["object",{"key":"string","operator":"string","values":["list","string"]}]]}]]}]}],"podAffinity":["object",{"preferredDuringSchedulingIgnoredDuringExecution":["list",["object",{"podAffinityTerm":["object",{"labelSelector":["object",{"matchExpressions":["list",["object",{"key":"string","operator":"string","values":["list","string"]}]],"matchLabels":["map","string"]}],"matchLabelKeys":["list","string"],"mismatchLabelKeys":["list","string"],"namespaceSelector":["object",{"matchExpressions":["list",["object",{"key":"string","operator":"string","values":["list","string"]}]],"matchLabels":["map","string"]}],"namespaces":["list","string"],"topologyKey":"string"}],"weight":"number"}]],"requiredDuringSchedulingIgnoredDuringExecution":["list",["object",{"labelSelector":["object",{"matchExpressions":["list",["object",{"key":"string","operator":"string","values":["list","string"]}]],"matchLabels":["map","string"]}],"matchLabelKeys":["list","string"],"mismatchLabelKeys":["list","string"],"namespaceSelector":["object",{"matchExpressions":["list",["object",{"key":"string","operator":"string","values":["list","string"]}]],"matchLabels":["map","string"]}],"namespaces":["list","string"],"topologyKey":"string"}]]}],"podAntiAffinity":["object",{"preferredDuringSchedulingIgnoredDuringExecution":["list",["object",{"podAffinityTerm":["object",{"labelSelector":["object",{"matchExpressions":["list",["object",{"key":"string","operator":"string","values":["list","string"]}]],"matchLabels":["map","string"]}],"matchLabelKeys":["list","string"],"mismatchLabelKeys":["list","string"],"namespaceSelector":["object",{"matchExpressions":["list",["object",{"key":"string","operator":"string","values":["list","string"]}]],"matchLabels":["map","string"]}],"namespaces":["list","string"],"topologyKey":"string"}],"weight":"number"}]],"requiredDuringSchedulingIgnoredDuringExecution":["list",["object",{"labelSelector":["object",{"matchExpressions":["list",["object",{"key":"string","operator":"string","values":["list","string"]}]],"matchLabels":["map","string"]}],"matchLabelKeys":["list","string"],"mismatchLabelKeys":["list","string"],"namespaceSelector":["object",{"matchExpressions":["list",["object",{"key":"string","operator":"string","values":["list","string"]}]],"matchLabels":["map","string"]}],"namespaces":["list","string"],"topologyKey":"string"}]]}]}],"automountServiceAccountToken":"bool","containers":["list",["object",{"args":["list","string"],"command":["list","string"],"env":["list",["object",{"name":"string","value":"string","valueFrom":["object",{"configMapKeyRef":["object",{"key":"string","name":"string","optional":"bool"}],"fieldRef":["object",{"apiVersion":"string","fieldPath":"string"}],"resourceFieldRef":["object",{"containerName":"string","divisor":"string","resource":"string"}],"secretKeyRef":["object",{"key":"string","name":"string","optional":"bool"}]}]}]],"envFrom":["list",["object",{"configMapRef":["object",{"name":"string","optional":"bool"}],"prefix":"string","secretRef":["object",{"name":"string","optional":"bool"}]}]],"image":"string","imagePullPolicy":"string","lifecycle":["object",{"postStart":["object",{"exec":["object",{"command":["list","string"]}],"httpGet":["object",{"host":"string","httpHeaders":["list",["object",{"name":"string","value":"string"}]],"path":"string","port":"string","scheme":"string"}],"sleep":["object",{"seconds":"number"}],"tcpSocket":["object",{"host":"string","port":"string"}]}],"preStop":["object",{"exec":["object",{"command":["list","string"]}],"httpGet":["object",{"host":"string","httpHeaders":["list",["object",{"name":"string","value":"string"}]],"path":"string","port":"string","scheme":"string"}],"sleep":["object",{"seconds":"number"}],"tcpSocket":["object",{"host":"string","port":"string"}]}]}],"livenessProbe":["object",{"exec":["object",{"command":["list","string"]}],"failureThreshold":"number","grpc":["object",{"port":"number","service":"string"}],"httpGet":["object",{"host":"string","httpHeaders":["list",["object",{"name":"string","value":"string"}]],"path":"string","port":"string","scheme":"string"}],"initialDelaySeconds":"number","periodSeconds":"number","successThreshold":"number","tcpSocket":["object",{"host":"string","port":"string"}],"terminationGracePeriodSeconds":"number","timeoutSeconds":"number"}],"name":"string","ports":["list",["object",{"containerPort":"number","hostIP":"string","hostPort":"number","name":"string","protocol":"string"}]],"readinessProbe":["object",{"exec":["object",{"command":["list","string"]}],"failureThreshold":"number","grpc":["object",{"port":"number","service":"string"}],"httpGet":["object",{"host":"string","httpHeaders":["list",["object",{"name":"string","value":"string"}]],"path":"string","port":"string","scheme":"string"}],"initialDelaySeconds":"number","periodSeconds":"number","successThreshold":"number","tcpSocket":["object",{"host":"string","port":"string"}],"terminationGracePeriodSeconds":"number","timeoutSeconds":"number"}],"resizePolicy":["list",["object",{"resourceName":"string","restartPolicy":"string"}]],"resources":["object",{"claims":["list",["object",{"name":"string"}]],"limits":["map","string"],"requests":["map","string"]}],"restartPolicy":"string","securityContext":["object",{"allowPrivilegeEscalation":"bool","appArmorProfile":["object",{"localhostProfile":"string","type":"string"}],"capabilities":["object",{"add":["list","string"],"drop":["list","string"]}],"privileged":"bool","procMount":"string","readOnlyRootFilesystem":"bool","runAsGroup":"number","runAsNonRoot":"bool","runAsUser":"number","seLinuxOptions":["object",{"level":"string","role":"string","type":"string","user":"string"}],"seccompProfile":["object",{"localhostProfile":"string","type":"string"}],"windowsOptions":["object",{"gmsaCredentialSpec":"string","gmsaCredentialSpecName":"string","hostProcess":"bool","runAsUserName":"string"}]}],"startupProbe":["object",{"exec":["object",{"command":["list","string"]}],"failureThreshold":"number","grpc":["object",{"port":"number","service":"string"}],"httpGet":["object",{"host":"string","httpHeaders":["list",["object",{"name":"string","value":"string"}]],"path":"string","port":"string","scheme":"string"}],"initialDelaySeconds":"number","periodSeconds":"number","successThreshold":"number","tcpSocket":["object",{"host":"string","port":"string"}],"terminationGracePeriodSeconds":"number","timeoutSeconds":"number"}],"stdin":"bool","stdinOnce":"bool","terminationMessagePath":"string","terminationMessagePolicy":"string","tty":"bool","volumeDevices":["list",["object",{"devicePath":"string","name":"string"}]],"volumeMounts":["list",["object",{"mountPath":"string","mountPropagation":"string","name":"string","readOnly":"bool","recursiveReadOnly":"string","subPath":"string","subPathExpr":"string"}]],"workingDir":"string"}]],"dnsConfig":["object",{"nameservers":["list","string"],"options":["list",["object",{"name":"string","value":"string"}]],"searches":["list","string"]}],"dnsPolicy":"string","enableServiceLinks":"bool","ephemeralContainers":["list",["object",{"args":["list","string"],"command":["list","string"],"env":["list",["object",{"name":"string","value":"string","valueFrom":["object",{"configMapKeyRef":["object",{"key":"string","name":"string","optional":"bool"}],"fieldRef":["object",{"apiVersion":"string","fieldPath":"string"}],"resourceFieldRef":["object",{"containerName":"string","divisor":"string","resource":"string"}],"secretKeyRef":["object",{"key":"string","name":"string","optional":"bool"}]}]}]],"envFrom":["list",["object",{"configMapRef":["object",{"name":"string","optional":"bool"}],"prefix":"string","secretRef":["object",{"name":"string","optional":"bool"}]}]],"image":"string","imagePullPolicy":"string","lifecycle":["object",{"postStart":["object",{"exec":["object",{"command":["list","string"]}],"httpGet":["object",{"host":"string","httpHeaders":["list",["object",{"name":"string","value":"string"}]],"path":"string","port":"string","scheme":"string"}],"sleep":["object",{"seconds":"number"}],"tcpSocket":["object",{"host":"string","port":"string"}]}],"preStop":["object",{"exec":["object",{"command":["list","string"]}],"httpGet":["object",{"host":"string","httpHeaders":["list",["object",{"name":"string","value":"string"}]],"path":"string","port":"string","scheme":"string"}],"sleep":["object",{"seconds":"number"}],"tcpSocket":["object",{"host":"string","port":"string"}]}]}],"livenessProbe":["object",{"exec":["object",{"command":["list","string"]}],"failureThreshold":"number","grpc":["object",{"port":"number","service":"string"}],"httpGet":["object",{"host":"string","httpHeaders":["list",["object",{"name":"string","value":"string"}]],"path":"string","port":"string","scheme":"string"}],"initialDelaySeconds":"number","periodSeconds":"number","successThreshold":"number","tcpSocket":["object",{"host":"string","port":"string"}],"terminationGracePeriodSeconds":"number","timeoutSeconds":"number"}],"name":"string","ports":["list",["object",{"containerPort":"number","hostIP":"string","hostPort":"number","name":"string","protocol":"string"}]],"readinessProbe":["object",{"exec":["object",{"command":["list","string"]}],"failureThreshold":"number","grpc":["object",{"port":"number","service":"string"}],"httpGet":["object",{"host":"string","httpHeaders":["list",["object",{"name":"string","value":"string"}]],"path":"string","port":"string","scheme":"string"}],"initialDelaySeconds":"number","periodSeconds":"number","successThreshold":"number","tcpSocket":["object",{"host":"string","port":"string"}],"terminationGracePeriodSeconds":"number","timeoutSeconds":"number"}],"resizePolicy":["list",["object",{"resourceName":"string","restartPolicy":"string"}]],"resources":["object",{"claims":["list",["object",{"name":"string"}]],"limits":["map","string"],"requests":["map","string"]}],"restartPolicy":"string","securityContext":["object",{"allowPrivilegeEscalation":"bool","appArmorProfile":["object",{"localhostProfile":"string","type":"string"}],"capabilities":["object",{"add":["list","string"],"drop":["list","string"]}],"privileged":"bool","procMount":"string","readOnlyRootFilesystem":"bool","runAsGroup":"number","runAsNonRoot":"bool","runAsUser":"number","seLinuxOptions":["object",{"level":"string","role":"string","type":"string","user":"string"}],"seccompProfile":["object",{"localhostProfile":"string","type":"string"}],"windowsOptions":["object",{"gmsaCredentialSpec":"string","gmsaCredentialSpecName":"string","hostProcess":"bool","runAsUserName":"string"}]}],"startupProbe":["object",{"exec":["object",{"command":["list","string"]}],"failureThreshold":"number","grpc":["object",{"port":"number","service":"string"}],"httpGet":["object",{"host":"string","httpHeaders":["list",["object",{"name":"string","value":"string"}]],"path":"string","port":"string","scheme":"string"}],"initialDelaySeconds":"number","periodSeconds":"number","successThreshold":"number","tcpSocket":["object",{"host":"string","port":"string"}],"terminationGracePeriodSeconds":"number","timeoutSeconds":"number"}],"stdin":"bool","stdinOnce":"bool","targetContainerName":"string","terminationMessagePath":"string","terminationMessagePolicy":"string","tty":"bool","volumeDevices":["list",["object",{"devicePath":"string","name":"string"}]],"volumeMounts":["list",["object",{"mountPath":"string","mountPropagation":"string","name":"string","readOnly":"bool","recursiveReadOnly":"string","subPath":"string","subPathExpr":"string"}]],"workingDir":"string"}]],"hostAliases":["list",["object",{"hostnames":["list","string"],"ip":"string"}]],"hostIPC":"bool","hostNetwork":"bool","hostPID":"bool","hostUsers":"bool","hostname":"string","imagePullSecrets":["list",["object",{"name":"string"}]],"initContainers":["list",["object",{"args":["list","string"],"command":["list","string"],"env":["list",["object",{"name":"string","value":"string","valueFrom":["object",{"configMapKeyRef":["object",{"key":"string","name":"string","optional":"bool"}],"fieldRef":["object",{"apiVersion":"string","fieldPath":"string"}],"resourceFieldRef":["object",{"containerName":"string","divisor":"string","resource":"string"}],"secretKeyRef":["object",{"key":"string","name":"string","optional":"bool"}]}]}]],"envFrom":["list",["object",{"configMapRef":["object",{"name":"string","optional":"bool"}],"prefix":"string","secretRef":["object",{"name":"string","optional":"bool"}]}]],"image":"string","imagePullPolicy":"string","lifecycle":["object",{"postStart":["object",{"exec":["object",{"command":["list","string"]}],"httpGet":["object",{"host":"string","httpHeaders":["list",["object",{"name":"string","value":"string"}]],"path":"string","port":"string","scheme":"string"}],"sleep":["object",{"seconds":"number"}],"tcpSocket":["object",{"host":"string","port":"string"}]}],"preStop":["object",{"exec":["object",{"command":["list","string"]}],"httpGet":["object",{"host":"string","httpHeaders":["list",["object",{"name":"string","value":"string"}]],"path":"string","port":"string","scheme":"string"}],"sleep":["object",{"seconds":"number"}],"tcpSocket":["object",{"host":"string","port":"string"}]}]}],"livenessProbe":["object",{"exec":["object",{"command":["list","string"]}],"failureThreshold":"number","grpc":["object",{"port":"number","service":"string"}],"httpGet":["object",{"host":"string","httpHeaders":["list",["object",{"name":"string","value":"string"}]],"path":"string","port":"string","scheme":"string"}],"initialDelaySeconds":"number","periodSeconds":"number","successThreshold":"number","tcpSocket":["object",{"host":"string","port":"string"}],"terminationGracePeriodSeconds":"number","timeoutSeconds":"number"}],"name":"string","ports":["list",["object",{"containerPort":"number","hostIP":"string","hostPort":"number","name":"string","protocol":"string"}]],"readinessProbe":["object",{"exec":["object",{"command":["list","string"]}],"failureThreshold":"number","grpc":["object",{"port":"number","service":"string"}],"httpGet":["object",{"host":"string","httpHeaders":["list",["object",{"name":"string","value":"string"}]],"path":"string","port":"string","scheme":"string"}],"initialDelaySeconds":"number","periodSeconds":"number","successThreshold":"number","tcpSocket":["object",{"host":"string","port":"string"}],"terminationGracePeriodSeconds":"number","timeoutSeconds":"number"}],"resizePolicy":["list",["object",{"resourceName":"string","restartPolicy":"string"}]],"resources":["object",{"claims":["list",["object",{"name":"string"}]],"limits":["map","string"],"requests":["map","string"]}],"restartPolicy":"string","securityContext":["object",{"allowPrivilegeEscalation":"bool","appArmorProfile":["object",{"localhostProfile":"string","type":"string"}],"capabilities":["object",{"add":["list","string"],"drop":["list","string"]}],"privileged":"bool","procMount":"string","readOnlyRootFilesystem":"bool","runAsGroup":"number","runAsNonRoot":"bool","runAsUser":"number","seLinuxOptions":["object",{"level":"string","role":"string","type":"string","user":"string"}],"seccompProfile":["object",{"localhostProfile":"string","type":"string"}],"windowsOptions":["object",{"gmsaCredentialSpec":"string","gmsaCredentialSpecName":"string","hostProcess":"bool","runAsUserName":"string"}]}],"startupProbe":["object",{"exec":["object",{"command":["list","string"]}],"failureThreshold":"number","grpc":["object",{"port":"number","service":"string"}],"httpGet":["object",{"host":"string","httpHeaders":["list",["object",{"name":"string","value":"string"}]],"path":"string","port":"string","scheme":"string"}],"initialDelaySeconds":"number","periodSeconds":"number","successThreshold":"number","tcpSocket":["object",{"host":"string","port":"string"}],"terminationGracePeriodSeconds":"number","timeoutSeconds":"number"}],"stdin":"bool","stdinOnce":"bool","terminationMessagePath":"string","terminationMessagePolicy":"string","tty":"bool","volumeDevices":["list",["object",{"devicePath":"string","name":"string"}]],"volumeMounts":["list",["object",{"mountPath":"string","mountPropagation":"string","name":"string","readOnly":"bool","recursiveReadOnly":"string","subPath":"string","subPathExpr":"string"}]],"workingDir":"string"}]],"nodeName":"string","nodeSelector":["map","string"],"os":["object",{"name":"string"}],"overhead":["map","string"],"preemptionPolicy":"string","priority":"number","priorityClassName":"string","readinessGates":["list",["object",{"conditionType":"string"}]],"resourceClaims":["list",["object",{"name":"string","source":["object",{"resourceClaimName":"string","resourceClaimTemplateName":"string"}]}]],"restartPolicy":"string","runtimeClassName":"string","schedulerName":"string","schedulingGates":["list",["object",{"name":"string"}]],"securityContext":["object",{"appArmorProfile":["object",{"localhostProfile":"string","type":"string"}],"fsGroup":"number","fsGroupChangePolicy":"string","runAsGroup":"number","runAsNonRoot":"bool","runAsUser":"number","seLinuxOptions":["object",{"level":"string","role":"string","type":"string","user":"string"}],"seccompProfile":["object",{"localhostProfile":"string","type":"string"}],"supplementalGroups":["list","number"],"sysctls":["list",["object",{"name":"string","value":"string"}]],"windowsOptions":["object",{"gmsaCredentialSpec":"string","gmsaCredentialSpecName":"string","hostProcess":"bool","runAsUserName":"string"}]}],"serviceAccount":"string","serviceAccountName":"string","setHostnameAsFQDN":"bool","shareProcessNamespace":"bool","subdomain":"string","terminationGracePeriodSeconds":"number","tolerations":["list",["object",{"effect":"string","key":"string","operator":"string","tolerationSeconds":"number","value":"string"}]],"topologySpreadConstraints":["list",["object",{"labelSelector":["object",{"matchExpressions":["list",["object",{"key":"string","operator":"string","values":["list","string"]}]],"matchLabels":["map","string"]}],"matchLabelKeys":["list","string"],"maxSkew":"number","minDomains":"number","nodeAffinityPolicy":"string","nodeTaintsPolicy":"string","topologyKey":"string","whenUnsatisfiable":"string"}]],"volumes":["tuple",[["object",{"awsElasticBlockStore":["object",{"fsType":"string","partition":"number","readOnly":"bool","volumeID":"string"}],"azureDisk":["object",{"cachingMode":"string","diskName":"string","diskURI":"string","fsType":"string","kind":"string","readOnly":"bool"}],"azureFile":["object",{"readOnly":"bool","secretName":"string","shareName":"string"}],"cephfs":["object",{"monitors":["list","string"],"path":"string","readOnly":"bool","secretFile":"string","secretRef":["object",{"name":"string"}],"user":"string"}],"cinder":["object",{"fsType":"string","readOnly":"bool","secretRef":["object",{"name":"string"}],"volumeID":"string"}],"configMap":["object",{"defaultMode":"number","items":["list",["object",{"key":"string","mode":"number","path":"string"}]],"name":"string","optional":"bool"}],"csi":["object",{"driver":"string","fsType":"string","nodePublishSecretRef":["object",{"name":"string"}],"readOnly":"bool","volumeAttributes":["map","string"]}],"downwardAPI":["object",{"defaultMode":"number","items":["list",["object",{"fieldRef":["object",{"apiVersion":"string","fieldPath":"string"}],"mode":"number","path":"string","resourceFieldRef":["object",{"containerName":"string","divisor":"string","resource":"string"}]}]]}],"emptyDir":["object",{"medium":"string","sizeLimit":"string"}],"ephemeral":["object",{"volumeClaimTemplate":["object",{"metadata":["object",{"annotations":["map","string"],"creationTimestamp":"string","deletionGracePeriodSeconds":"number","deletionTimestamp":"string","finalizers":["list","string"],"generateName":"string","generation":"number","labels":["map","string"],"managedFields":["tuple",[["object",{"apiVersion":"string","fieldsType":"string","fieldsV1":"dynamic","manager":"string","operation":"string","subresource":"string","time":"string"}]]],"name":"string","namespace":"string","ownerReferences":["list",["object",{"apiVersion":"string","blockOwnerDeletion":"bool","controller":"bool","kind":"string","name":"string","uid":"string"}]],"resourceVersion":"string","selfLink":"string","uid":"string"}],"spec":["object",{"accessModes":["list","string"],"dataSource":["object",{"apiGroup":"string","kind":"string","name":"string"}],"dataSourceRef":["object",{"apiGroup":"string","kind":"string","name":"string","namespace":"string"}],"resources":["object",{"limits":["map","string"],"requests":["map","string"]}],"selector":["object",{"matchExpressions":["list",["object",{"key":"string","operator":"string","values":["list","string"]}]],"matchLabels":["map","string"]}],"storageClassName":"string","volumeAttributesClassName":"string","volumeMode":"string","volumeName":"string"}]}]}],"fc":["object",{"fsType":"string","lun":"number","readOnly":"bool","targetWWNs":["list","string"],"wwids":["list","string"]}],"flexVolume":["object",{"driver":"string","fsType":"string","options":["map","string"],"readOnly":"bool","secretRef":["object",{"name":"string"}]}],"flocker":["object",{"datasetName":"string","datasetUUID":"string"}],"gcePersistentDisk":["object",{"fsType":"string","partition":"number","pdName":"string","readOnly":"bool"}],"gitRepo":["object",{"directory":"string","repository":"string","revision":"string"}],"glusterfs":["object",{"endpoints":"string","path":"string","readOnly":"bool"}],"hostPath":["object",{"path":"string","type":"string"}],"iscsi":["object",{"chapAuthDiscovery":"bool","chapAuthSession":"bool","fsType":"string","initiatorName":"string","iqn":"string","iscsiInterface":"string","lun":"number","portals":["list","string"],"readOnly":"bool","secretRef":["object",{"name":"string"}],"targetPortal":"string"}],"name":"string","nfs":["object",{"path":"string","readOnly":"bool","server":"string"}],"persistentVolumeClaim":["object",{"claimName":"string","readOnly":"bool"}],"photonPersistentDisk":["object",{"fsType":"string","pdID":"string"}],"portworxVolume":["object",{"fsType":"string","readOnly":"bool","volumeID":"string"}],"projected":["object",{"defaultMode":"number","sources":["list",["object",{"clusterTrustBundle":["object",{"labelSelector":["object",{"matchExpressions":["list",["object",{"key":"string","operator":"string","values":["list","string"]}]],"matchLabels":["map","string"]}],"name":"string","optional":"bool","path":"string","signerName":"string"}],"configMap":["object",{"items":["list",["object",{"key":"string","mode":"number","path":"string"}]],"name":"string","optional":"bool"}],"downwardAPI":["object",{"items":["list",["object",{"fieldRef":["object",{"apiVersion":"string","fieldPath":"string"}],"mode":"number","path":"string","resourceFieldRef":["object",{"containerName":"string","divisor":"string","resource":"string"}]}]]}],"secret":["object",{"items":["list",["object",{"key":"string","mode":"number","path":"string"}]],"name":"string","optional":"bool"}],"serviceAccountToken":["object",{"audience":"string","expirationSeconds":"number","path":"string"}]}]]}],"quobyte":["object",{"group":"string","readOnly":"bool","registry":"string","tenant":"string","user":"string","volume":"string"}],"rbd":["object",{"fsType":"string","image":"string","keyring":"string","monitors":["list","string"],"pool":"string","readOnly":"bool","secretRef":["object",{"name":"string"}],"user":"string"}],"scaleIO":["object",{"fsType":"string","gateway":"string","protectionDomain":"string","readOnly":"bool","secretRef":["object",{"name":"string"}],"sslEnabled":"bool","storageMode":"string","storagePool":"string","system":"string","volumeName":"string"}],"secret":["object",{"defaultMode":"number","items":["list",["object",{"key":"string","mode":"number","path":"string"}]],"optional":"bool","secretName":"string"}],"storageos":["object",{"fsType":"string","readOnly":"bool","secretRef":["object",{"name":"string"}],"volumeName":"string","volumeNamespace":"string"}],"vsphereVolume":["object",{"fsType":"string","storagePolicyID":"string","storagePolicyName":"string","volumePath":"string"}]}],["object",{"awsElasticBlockStore":["object",{"fsType":"string","partition":"number","readOnly":"bool","volumeID":"string"}],"azureDisk":["object",{"cachingMode":"string","diskName":"string","diskURI":"string","fsType":"string","kind":"string","readOnly":"bool"}],"azureFile":["object",{"readOnly":"bool","secretName":"string","shareName":"string"}],"cephfs":["object",{"monitors":["list","string"],"path":"string","readOnly":"bool","secretFile":"string","secretRef":["object",{"name":"string"}],"user":"string"}],"cinder":["object",{"fsType":"string","readOnly":"bool","secretRef":["object",{"name":"string"}],"volumeID":"string"}],"configMap":["object",{"defaultMode":"number","items":["list",["object",{"key":"string","mode":"number","path":"string"}]],"name":"string","optional":"bool"}],"csi":["object",{"driver":"string","fsType":"string","nodePublishSecretRef":["object",{"name":"string"}],"readOnly":"bool","volumeAttributes":["map","string"]}],"downwardAPI":["object",{"defaultMode":"number","items":["list",["object",{"fieldRef":["object",{"apiVersion":"string","fieldPath":"string"}],"mode":"number","path":"string","resourceFieldRef":["object",{"containerName":"string","divisor":"string","resource":"string"}]}]]}],"emptyDir":["object",{"medium":"string","sizeLimit":"string"}],"ephemeral":["object",{"volumeClaimTemplate":["object",{"metadata":["object",{"annotations":["map","string"],"creationTimestamp":"string","deletionGracePeriodSeconds":"number","deletionTimestamp":"string","finalizers":["list","string"],"generateName":"string","generation":"number","labels":["map","string"],"managedFields":["tuple",[["object",{"apiVersion":"string","fieldsType":"string","fieldsV1":"dynamic","manager":"string","operation":"string","subresource":"string","time":"string"}]]],"name":"string","namespace":"string","ownerReferences":["list",["object",{"apiVersion":"string","blockOwnerDeletion":"bool","controller":"bool","kind":"string","name":"string","uid":"string"}]],"resourceVersion":"string","selfLink":"string","uid":"string"}],"spec":["object",{"accessModes":["list","string"],"dataSource":["object",{"apiGroup":"string","kind":"string","name":"string"}],"dataSourceRef":["object",{"apiGroup":"string","kind":"string","name":"string","namespace":"string"}],"resources":["object",{"limits":["map","string"],"requests":["map","string"]}],"selector":["object",{"matchExpressions":["list",["object",{"key":"string","operator":"string","values":["list","string"]}]],"matchLabels":["map","string"]}],"storageClassName":"string","volumeAttributesClassName":"string","volumeMode":"string","volumeName":"string"}]}]}],"fc":["object",{"fsType":"string","lun":"number","readOnly":"bool","targetWWNs":["list","string"],"wwids":["list","string"]}],"flexVolume":["object",{"driver":"string","fsType":"string","options":["map","string"],"readOnly":"bool","secretRef":["object",{"name":"string"}]}],"flocker":["object",{"datasetName":"string","datasetUUID":"string"}],"gcePersistentDisk":["object",{"fsType":"string","partition":"number","pdName":"string","readOnly":"bool"}],"gitRepo":["object",{"directory":"string","repository":"string","revision":"string"}],"glusterfs":["object",{"endpoints":"string","path":"string","readOnly":"bool"}],"hostPath":["object",{"path":"string","type":"string"}],"iscsi":["object",{"chapAuthDiscovery":"bool","chapAuthSession":"bool","fsType":"string","initiatorName":"string","iqn":"string","iscsiInterface":"string","lun":"number","portals":["list","string"],"readOnly":"bool","secretRef":["object",{"name":"string"}],"targetPortal":"string"}],"name":"string","nfs":["object",{"path":"string","readOnly":"bool","server":"string"}],"persistentVolumeClaim":["object",{"claimName":"string","readOnly":"bool"}],"photonPersistentDisk":["object",{"fsType":"string","pdID":"string"}],"portworxVolume":["object",{"fsType":"string","readOnly":"bool","volumeID":"string"}],"projected":["object",{"defaultMode":"number","sources":["list",["object",{"clusterTrustBundle":["object",{"labelSelector":["object",{"matchExpressions":["list",["object",{"key":"string","operator":"string","values":["list","string"]}]],"matchLabels":["map","string"]}],"name":"string","optional":"bool","path":"string","signerName":"string"}],"configMap":["object",{"items":["list",["object",{"key":"string","mode":"number","path":"string"}]],"name":"string","optional":"bool"}],"downwardAPI":["object",{"items":["list",["object",{"fieldRef":["object",{"apiVersion":"string","fieldPath":"string"}],"mode":"number","path":"string","resourceFieldRef":["object",{"containerName":"string","divisor":"string","resource":"string"}]}]]}],"secret":["object",{"items":["list",["object",{"key":"string","mode":"number","path":"string"}]],"name":"string","optional":"bool"}],"serviceAccountToken":["object",{"audience":"string","expirationSeconds":"number","path":"string"}]}]]}],"quobyte":["object",{"group":"string","readOnly":"bool","registry":"string","tenant":"string","user":"string","volume":"string"}],"rbd":["object",{"fsType":"string","image":"string","keyring":"string","monitors":["list","string"],"pool":"string","readOnly":"bool","secretRef":["object",{"name":"string"}],"user":"string"}],"scaleIO":["object",{"fsType":"string","gateway":"string","protectionDomain":"string","readOnly":"bool","secretRef":["object",{"name":"string"}],"sslEnabled":"bool","storageMode":"string","storagePool":"string","system":"string","volumeName":"string"}],"secret":["object",{"defaultMode":"number","items":["list",["object",{"key":"string","mode":"number","path":"string"}]],"optional":"bool","secretName":"string"}],"storageos":["object",{"fsType":"string","readOnly":"bool","secretRef":["object",{"name":"string"}],"volumeName":"string","volumeNamespace":"string"}],"vsphereVolume":["object",{"fsType":"string","storagePolicyID":"string","storagePolicyName":"string","volumePath":"string"}]}],["object",{"awsElasticBlockStore":["object",{"fsType":"string","partition":"number","readOnly":"bool","volumeID":"string"}],"azureDisk":["object",{"cachingMode":"string","diskName":"string","diskURI":"string","fsType":"string","kind":"string","readOnly":"bool"}],"azureFile":["object",{"readOnly":"bool","secretName":"string","shareName":"string"}],"cephfs":["object",{"monitors":["list","string"],"path":"string","readOnly":"bool","secretFile":"string","secretRef":["object",{"name":"string"}],"user":"string"}],"cinder":["object",{"fsType":"string","readOnly":"bool","secretRef":["object",{"name":"string"}],"volumeID":"string"}],"configMap":["object",{"defaultMode":"number","items":["list",["object",{"key":"string","mode":"number","path":"string"}]],"name":"string","optional":"bool"}],"csi":["object",{"driver":"string","fsType":"string","nodePublishSecretRef":["object",{"name":"string"}],"readOnly":"bool","volumeAttributes":["map","string"]}],"downwardAPI":["object",{"defaultMode":"number","items":["list",["object",{"fieldRef":["object",{"apiVersion":"string","fieldPath":"string"}],"mode":"number","path":"string","resourceFieldRef":["object",{"containerName":"string","divisor":"string","resource":"string"}]}]]}],"emptyDir":["object",{"medium":"string","sizeLimit":"string"}],"ephemeral":["object",{"volumeClaimTemplate":["object",{"metadata":["object",{"annotations":["map","string"],"creationTimestamp":"string","deletionGracePeriodSeconds":"number","deletionTimestamp":"string","finalizers":["list","string"],"generateName":"string","generation":"number","labels":["map","string"],"managedFields":["tuple",[["object",{"apiVersion":"string","fieldsType":"string","fieldsV1":"dynamic","manager":"string","operation":"string","subresource":"string","time":"string"}]]],"name":"string","namespace":"string","ownerReferences":["list",["object",{"apiVersion":"string","blockOwnerDeletion":"bool","controller":"bool","kind":"string","name":"string","uid":"string"}]],"resourceVersion":"string","selfLink":"string","uid":"string"}],"spec":["object",{"accessModes":["list","string"],"dataSource":["object",{"apiGroup":"string","kind":"string","name":"string"}],"dataSourceRef":["object",{"apiGroup":"string","kind":"string","name":"string","namespace":"string"}],"resources":["object",{"limits":["map","string"],"requests":["map","string"]}],"selector":["object",{"matchExpressions":["list",["object",{"key":"string","operator":"string","values":["list","string"]}]],"matchLabels":["map","string"]}],"storageClassName":"string","volumeAttributesClassName":"string","volumeMode":"string","volumeName":"string"}]}]}],"fc":["object",{"fsType":"string","lun":"number","readOnly":"bool","targetWWNs":["list","string"],"wwids":["list","string"]}],"flexVolume":["object",{"driver":"string","fsType":"string","options":["map","string"],"readOnly":"bool","secretRef":["object",{"name":"string"}]}],"flocker":["object",{"datasetName":"string","datasetUUID":"string"}],"gcePersistentDisk":["object",{"fsType":"string","partition":"number","pdName":"string","readOnly":"bool"}],"gitRepo":["object",{"directory":"string","repository":"string","revision":"string"}],"glusterfs":["object",{"endpoints":"string","path":"string","readOnly":"bool"}],"hostPath":["object",{"path":"string","type":"string"}],"iscsi":["object",{"chapAuthDiscovery":"bool","chapAuthSession":"bool","fsType":"string","initiatorName":"string","iqn":"string","iscsiInterface":"string","lun":"number","portals":["list","string"],"readOnly":"bool","secretRef":["object",{"name":"string"}],"targetPortal":"string"}],"name":"string","nfs":["object",{"path":"string","readOnly":"bool","server":"string"}],"persistentVolumeClaim":["object",{"claimName":"string","readOnly":"bool"}],"photonPersistentDisk":["object",{"fsType":"string","pdID":"string"}],"portworxVolume":["object",{"fsType":"string","readOnly":"bool","volumeID":"string"}],"projected":["object",{"defaultMode":"number","sources":["list",["object",{"clusterTrustBundle":["object",{"labelSelector":["object",{"matchExpressions":["list",["object",{"key":"string","operator":"string","values":["list","string"]}]],"matchLabels":["map","string"]}],"name":"string","optional":"bool","path":"string","signerName":"string"}],"configMap":["object",{"items":["list",["object",{"key":"string","mode":"number","path":"string"}]],"name":"string","optional":"bool"}],"downwardAPI":["object",{"items":["list",["object",{"fieldRef":["object",{"apiVersion":"string","fieldPath":"string"}],"mode":"number","path":"string","resourceFieldRef":["object",{"containerName":"string","divisor":"string","resource":"string"}]}]]}],"secret":["object",{"items":["list",["object",{"key":"string","mode":"number","path":"string"}]],"name":"string","optional":"bool"}],"serviceAccountToken":["object",{"audience":"string","expirationSeconds":"number","path":"string"}]}]]}],"quobyte":["object",{"group":"string","readOnly":"bool","registry":"string","tenant":"string","user":"string","volume":"string"}],"rbd":["object",{"fsType":"string","image":"string","keyring":"string","monitors":["list","string"],"pool":"string","readOnly":"bool","secretRef":["object",{"name":"string"}],"user":"string"}],"scaleIO":["object",{"fsType":"string","gateway":"string","protectionDomain":"string","readOnly":"bool","secretRef":["object",{"name":"string"}],"sslEnabled":"bool","storageMode":"string","storagePool":"string","system":"string","volumeName":"string"}],"secret":["object",{"defaultMode":"number","items":["list",["object",{"key":"string","mode":"number","path":"string"}]],"optional":"bool","secretName":"string"}],"storageos":["object",{"fsType":"string","readOnly":"bool","secretRef":["object",{"name":"string"}],"volumeName":"string","volumeNamespace":"string"}],"vsphereVolume":["object",{"fsType":"string","storagePolicyID":"string","storagePolicyName":"string","volumePath":"string"}]}],["object",{"awsElasticBlockStore":["object",{"fsType":"string","partition":"number","readOnly":"bool","volumeID":"string"}],"azureDisk":["object",{"cachingMode":"string","diskName":"string","diskURI":"string","fsType":"string","kind":"string","readOnly":"bool"}],"azureFile":["object",{"readOnly":"bool","secretName":"string","shareName":"string"}],"cephfs":["object",{"monitors":["list","string"],"path":"string","readOnly":"bool","secretFile":"string","secretRef":["object",{"name":"string"}],"user":"string"}],"cinder":["object",{"fsType":"string","readOnly":"bool","secretRef":["object",{"name":"string"}],"volumeID":"string"}],"configMap":["object",{"defaultMode":"number","items":["list",["object",{"key":"string","mode":"number","path":"string"}]],"name":"string","optional":"bool"}],"csi":["object",{"driver":"string","fsType":"string","nodePublishSecretRef":["object",{"name":"string"}],"readOnly":"bool","volumeAttributes":["map","string"]}],"downwardAPI":["object",{"defaultMode":"number","items":["list",["object",{"fieldRef":["object",{"apiVersion":"string","fieldPath":"string"}],"mode":"number","path":"string","resourceFieldRef":["object",{"containerName":"string","divisor":"string","resource":"string"}]}]]}],"emptyDir":["object",{"medium":"string","sizeLimit":"string"}],"ephemeral":["object",{"volumeClaimTemplate":["object",{"metadata":["object",{"annotations":["map","string"],"creationTimestamp":"string","deletionGracePeriodSeconds":"number","deletionTimestamp":"string","finalizers":["list","string"],"generateName":"string","generation":"number","labels":["map","string"],"managedFields":["tuple",[["object",{"apiVersion":"string","fieldsType":"string","fieldsV1":"dynamic","manager":"string","operation":"string","subresource":"string","time":"string"}]]],"name":"string","namespace":"string","ownerReferences":["list",["object",{"apiVersion":"string","blockOwnerDeletion":"bool","controller":"bool","kind":"string","name":"string","uid":"string"}]],"resourceVersion":"string","selfLink":"string","uid":"string"}],"spec":["object",{"accessModes":["list","string"],"dataSource":["object",{"apiGroup":"string","kind":"string","name":"string"}],"dataSourceRef":["object",{"apiGroup":"string","kind":"string","name":"string","namespace":"string"}],"resources":["object",{"limits":["map","string"],"requests":["map","string"]}],"selector":["object",{"matchExpressions":["list",["object",{"key":"string","operator":"string","values":["list","string"]}]],"matchLabels":["map","string"]}],"storageClassName":"string","volumeAttributesClassName":"string","volumeMode":"string","volumeName":"string"}]}]}],"fc":["object",{"fsType":"string","lun":"number","readOnly":"bool","targetWWNs":["list","string"],"wwids":["list","string"]}],"flexVolume":["object",{"driver":"string","fsType":"string","options":["map","string"],"readOnly":"bool","secretRef":["object",{"name":"string"}]}],"flocker":["object",{"datasetName":"string","datasetUUID":"string"}],"gcePersistentDisk":["object",{"fsType":"string","partition":"number","pdName":"string","readOnly":"bool"}],"gitRepo":["object",{"directory":"string","repository":"string","revision":"string"}],"glusterfs":["object",{"endpoints":"string","path":"string","readOnly":"bool"}],"hostPath":["object",{"path":"string","type":"string"}],"iscsi":["object",{"chapAuthDiscovery":"bool","chapAuthSession":"bool","fsType":"string","initiatorName":"string","iqn":"string","iscsiInterface":"string","lun":"number","portals":["list","string"],"readOnly":"bool","secretRef":["object",{"name":"string"}],"targetPortal":"string"}],"name":"string","nfs":["object",{"path":"string","readOnly":"bool","server":"string"}],"persistentVolumeClaim":["object",{"claimName":"string","readOnly":"bool"}],"photonPersistentDisk":["object",{"fsType":"string","pdID":"string"}],"portworxVolume":["object",{"fsType":"string","readOnly":"bool","volumeID":"string"}],"projected":["object",{"defaultMode":"number","sources":["list",["object",{"clusterTrustBundle":["object",{"labelSelector":["object",{"matchExpressions":["list",["object",{"key":"string","operator":"string","values":["list","string"]}]],"matchLabels":["map","string"]}],"name":"string","optional":"bool","path":"string","signerName":"string"}],"configMap":["object",{"items":["list",["object",{"key":"string","mode":"number","path":"string"}]],"name":"string","optional":"bool"}],"downwardAPI":["object",{"items":["list",["object",{"fieldRef":["object",{"apiVersion":"string","fieldPath":"string"}],"mode":"number","path":"string","resourceFieldRef":["object",{"containerName":"string","divisor":"string","resource":"string"}]}]]}],"secret":["object",{"items":["list",["object",{"key":"string","mode":"number","path":"string"}]],"name":"string","optional":"bool"}],"serviceAccountToken":["object",{"audience":"string","expirationSeconds":"number","path":"string"}]}]]}],"quobyte":["object",{"group":"string","readOnly":"bool","registry":"string","tenant":"string","user":"string","volume":"string"}],"rbd":["object",{"fsType":"string","image":"string","keyring":"string","monitors":["list","string"],"pool":"string","readOnly":"bool","secretRef":["object",{"name":"string"}],"user":"string"}],"scaleIO":["object",{"fsType":"string","gateway":"string","protectionDomain":"string","readOnly":"bool","secretRef":["object",{"name":"string"}],"sslEnabled":"bool","storageMode":"string","storagePool":"string","system":"string","volumeName":"string"}],"secret":["object",{"defaultMode":"number","items":["list",["object",{"key":"string","mode":"number","path":"string"}]],"optional":"bool","secretName":"string"}],"storageos":["object",{"fsType":"string","readOnly":"bool","secretRef":["object",{"name":"string"}],"volumeName":"string","volumeNamespace":"string"}],"vsphereVolume":["object",{"fsType":"string","storagePolicyID":"string","storagePolicyName":"string","volumePath":"string"}]}]]]}]}]}]}]},"timeouts":[],"wait":[],"wait_for":null},"sensitive_attributes":[],"dependencies":["module.k8s_manifests.kubernetes_persistent_volume_claim.consume_pvc","module.k8s_manifests.kubernetes_persistent_volume_claim.data_pvc","module.k8s_manifests.kubernetes_persistent_volume_claim.export_pvc","module.k8s_manifests.kubernetes_persistent_volume_claim.media_pvc"]}]},{"module":"module.k8s_manifests","mode":"managed","type":"kubernetes_manifest","name":"postgres_cluster","provider":"provider[\"registry.opentofu.org/hashicorp/kubernetes\"]","instances":[{"schema_version":1,"attributes":{"computed_fields":null,"field_manager":[],"manifest":{"value":{"apiVersion":"postgresql.cnpg.io/v1","kind":"Cluster","metadata":{"name":"postgres-cluster","namespace":"home"},"spec":{"bootstrap":{"initdb":{"database":"paperless","owner":"paperless","secret":{"name":"paperless-postgres-credentials"}}},"instances":3,"managed":{"roles":[{"ensure":"present","login":true,"name":"cluster","passwordSecret":{"name":"postgres-credentials"},"superuser":true},{"ensure":"present","login":true,"name":"paperless","passwordSecret":{"name":"paperless-postgres-credentials"}}]},"monitoring":{"enablePodMonitor":true},"storage":{"size":"1Gi"}}},"type":["object",{"apiVersion":"string","kind":"string","metadata":["object",{"name":"string","namespace":"string"}],"spec":["object",{"bootstrap":["object",{"initdb":["object",{"database":"string","owner":"string","secret":["object",{"name":"string"}]}]}],"instances":"number","managed":["object",{"roles":["tuple",[["object",{"ensure":"string","login":"bool","name":"string","passwordSecret":["object",{"name":"string"}],"superuser":"bool"}],["object",{"ensure":"string","login":"bool","name":"string","passwordSecret":["object",{"name":"string"}]}]]]}],"monitoring":["object",{"enablePodMonitor":"bool"}],"storage":["object",{"size":"string"}]}]}]},"object":{"value":{"apiVersion":"postgresql.cnpg.io/v1","kind":"Cluster","metadata":{"annotations":null,"creationTimestamp":null,"deletionGracePeriodSeconds":null,"deletionTimestamp":null,"finalizers":null,"generateName":null,"generation":null,"labels":null,"managedFields":null,"name":"postgres-cluster","namespace":"home","ownerReferences":null,"resourceVersion":null,"selfLink":null,"uid":null},"spec":{"affinity":{"additionalPodAffinity":{"preferredDuringSchedulingIgnoredDuringExecution":null,"requiredDuringSchedulingIgnoredDuringExecution":null},"additionalPodAntiAffinity":{"preferredDuringSchedulingIgnoredDuringExecution":null,"requiredDuringSchedulingIgnoredDuringExecution":null},"enablePodAntiAffinity":null,"nodeAffinity":{"preferredDuringSchedulingIgnoredDuringExecution":null,"requiredDuringSchedulingIgnoredDuringExecution":{"nodeSelectorTerms":null}},"nodeSelector":null,"podAntiAffinityType":"preferred","tolerations":null,"topologyKey":null},"backup":{"barmanObjectStore":{"azureCredentials":{"connectionString":{"key":null,"name":null},"inheritFromAzureAD":null,"storageAccount":{"key":null,"name":null},"storageKey":{"key":null,"name":null},"storageSasToken":{"key":null,"name":null}},"data":{"additionalCommandArgs":null,"compression":null,"encryption":null,"immediateCheckpoint":null,"jobs":null},"destinationPath":null,"endpointCA":{"key":null,"name":null},"endpointURL":null,"googleCredentials":{"applicationCredentials":{"key":null,"name":null},"gkeEnvironment":null},"historyTags":null,"s3Credentials":{"accessKeyId":{"key":null,"name":null},"inheritFromIAMRole":null,"region":{"key":null,"name":null},"secretAccessKey":{"key":null,"name":null},"sessionToken":{"key":null,"name":null}},"serverName":null,"tags":null,"wal":{"archiveAdditionalCommandArgs":null,"compression":null,"encryption":null,"maxParallel":null,"restoreAdditionalCommandArgs":null}},"retentionPolicy":null,"target":null,"volumeSnapshot":{"annotations":null,"className":null,"labels":null,"online":null,"onlineConfiguration":{"immediateCheckpoint":null,"waitForArchive":null},"snapshotOwnerReference":null,"tablespaceClassName":null,"walClassName":null}},"bootstrap":{"initdb":{"builtinLocale":null,"dataChecksums":null,"database":"paperless","encoding":"UTF8","icuLocale":null,"icuRules":null,"import":{"databases":null,"pgDumpExtraOptions":null,"pgRestoreExtraOptions":null,"postImportApplicationSQL":null,"roles":null,"schemaOnly":null,"source":{"externalCluster":null},"type":null},"locale":null,"localeCType":"C","localeCollate":"C","localeProvider":null,"options":null,"owner":"paperless","postInitApplicationSQL":null,"postInitApplicationSQLRefs":{"configMapRefs":null,"secretRefs":null},"postInitSQL":null,"postInitSQLRefs":{"configMapRefs":null,"secretRefs":null},"postInitTemplateSQL":null,"postInitTemplateSQLRefs":{"configMapRefs":null,"secretRefs":null},"secret":{"name":"paperless-postgres-credentials"},"walSegmentSize":null},"pg_basebackup":{"database":null,"owner":null,"secret":{"name":null},"source":null},"recovery":{"backup":{"endpointCA":{"key":null,"name":null},"name":null},"database":null,"owner":null,"recoveryTarget":{"backupID":null,"exclusive":null,"targetImmediate":null,"targetLSN":null,"targetName":null,"targetTLI":null,"targetTime":null,"targetXID":null},"secret":{"name":null},"source":null,"volumeSnapshots":{"storage":{"apiGroup":null,"kind":null,"name":null},"tablespaceStorage":null,"walStorage":{"apiGroup":null,"kind":null,"name":null}}}},"certificates":{"clientCASecret":null,"replicationTLSSecret":null,"serverAltDNSNames":null,"serverCASecret":null,"serverTLSSecret":null},"description":null,"enablePDB":true,"enableSuperuserAccess":false,"env":null,"envFrom":null,"ephemeralVolumeSource":{"volumeClaimTemplate":{"metadata":null,"spec":{"accessModes":null,"dataSource":{"apiGroup":null,"kind":null,"name":null},"dataSourceRef":{"apiGroup":null,"kind":null,"name":null,"namespace":null},"resources":{"limits":null,"requests":null},"selector":{"matchExpressions":null,"matchLabels":null},"storageClassName":null,"volumeAttributesClassName":null,"volumeMode":null,"volumeName":null}}},"ephemeralVolumesSizeLimit":{"shm":null,"temporaryData":null},"externalClusters":null,"failoverDelay":0,"imageCatalogRef":{"apiGroup":null,"kind":null,"major":null,"name":null},"imageName":"ghcr.io/cloudnative-pg/postgresql:17.2","imagePullPolicy":null,"imagePullSecrets":null,"inheritedMetadata":{"annotations":null,"labels":null},"instances":3,"livenessProbeTimeout":null,"logLevel":"info","managed":{"roles":[{"bypassrls":null,"comment":null,"connectionLimit":-1,"createdb":null,"createrole":null,"disablePassword":null,"ensure":"present","inRoles":null,"inherit":true,"login":true,"name":"cluster","passwordSecret":{"name":"postgres-credentials"},"replication":null,"superuser":true,"validUntil":null},{"bypassrls":null,"comment":null,"connectionLimit":-1,"createdb":null,"createrole":null,"disablePassword":null,"ensure":"present","inRoles":null,"inherit":true,"login":true,"name":"paperless","passwordSecret":{"name":"paperless-postgres-credentials"},"replication":null,"superuser":null,"validUntil":null}],"services":{"additional":null,"disabledDefaultServices":null}},"maxSyncReplicas":0,"minSyncReplicas":0,"monitoring":{"customQueriesConfigMap":[{"key":"queries","name":"cnpg-default-monitoring"}],"customQueriesSecret":null,"disableDefaultQueries":false,"enablePodMonitor":true,"podMonitorMetricRelabelings":null,"podMonitorRelabelings":null,"tls":{"enabled":null}},"nodeMaintenanceWindow":{"inProgress":null,"reusePVC":null},"plugins":null,"postgresGID":26,"postgresUID":26,"postgresql":{"enableAlterSystem":null,"ldap":{"bindAsAuth":{"prefix":null,"suffix":null},"bindSearchAuth":{"baseDN":null,"bindDN":null,"bindPassword":{"key":null,"name":null,"optional":null},"searchAttribute":null,"searchFilter":null},"port":null,"scheme":null,"server":null,"tls":null},"parameters":{"archive_mode":"on","archive_timeout":"5min","dynamic_shared_memory_type":"posix","full_page_writes":"on","log_destination":"csvlog","log_directory":"/controller/log","log_filename":"postgres","log_rotation_age":"0","log_rotation_size":"0","log_truncate_on_rotation":"false","logging_collector":"on","max_parallel_workers":"32","max_replication_slots":"32","max_worker_processes":"32","shared_memory_type":"mmap","shared_preload_libraries":"","ssl_max_protocol_version":"TLSv1.3","ssl_min_protocol_version":"TLSv1.3","wal_keep_size":"512MB","wal_level":"logical","wal_log_hints":"on","wal_receiver_timeout":"5s","wal_sender_timeout":"5s"},"pg_hba":null,"pg_ident":null,"promotionTimeout":null,"shared_preload_libraries":null,"syncReplicaElectionConstraint":{"enabled":false,"nodeLabelsAntiAffinity":null},"synchronous":{"dataDurability":null,"maxStandbyNamesFromCluster":null,"method":null,"number":null,"standbyNamesPost":null,"standbyNamesPre":null}},"primaryUpdateMethod":"restart","primaryUpdateStrategy":"unsupervised","priorityClassName":null,"probes":{"liveness":{"failureThreshold":null,"initialDelaySeconds":null,"periodSeconds":null,"successThreshold":null,"terminationGracePeriodSeconds":null,"timeoutSeconds":null},"readiness":{"failureThreshold":null,"initialDelaySeconds":null,"periodSeconds":null,"successThreshold":null,"terminationGracePeriodSeconds":null,"timeoutSeconds":null},"startup":{"failureThreshold":null,"initialDelaySeconds":null,"periodSeconds":null,"successThreshold":null,"terminationGracePeriodSeconds":null,"timeoutSeconds":null}},"projectedVolumeTemplate":{"defaultMode":null,"sources":null},"replica":{"enabled":null,"minApplyDelay":null,"primary":null,"promotionToken":null,"self":null,"source":null},"replicationSlots":{"highAvailability":{"enabled":true,"slotPrefix":"_cnpg_"},"synchronizeReplicas":{"enabled":true,"excludePatterns":null},"updateInterval":30},"resources":{"claims":null,"limits":null,"requests":null},"schedulerName":null,"seccompProfile":{"localhostProfile":null,"type":null},"serviceAccountTemplate":{"metadata":{"annotations":null,"labels":null,"name":null}},"smartShutdownTimeout":180,"startDelay":3600,"stopDelay":1800,"storage":{"pvcTemplate":{"accessModes":null,"dataSource":{"apiGroup":null,"kind":null,"name":null},"dataSourceRef":{"apiGroup":null,"kind":null,"name":null,"namespace":null},"resources":{"limits":null,"requests":null},"selector":{"matchExpressions":null,"matchLabels":null},"storageClassName":null,"volumeAttributesClassName":null,"volumeMode":null,"volumeName":null},"resizeInUseVolumes":true,"size":"1Gi","storageClass":null},"superuserSecret":{"name":null},"switchoverDelay":3600,"tablespaces":null,"topologySpreadConstraints":null,"walStorage":{"pvcTemplate":{"accessModes":null,"dataSource":{"apiGroup":null,"kind":null,"name":null},"dataSourceRef":{"apiGroup":null,"kind":null,"name":null,"namespace":null},"resources":{"limits":null,"requests":null},"selector":{"matchExpressions":null,"matchLabels":null},"storageClassName":null,"volumeAttributesClassName":null,"volumeMode":null,"volumeName":null},"resizeInUseVolumes":null,"size":null,"storageClass":null}}},"type":["object",{"apiVersion":"string","kind":"string","metadata":["object",{"annotations":["map","string"],"creationTimestamp":"string","deletionGracePeriodSeconds":"number","deletionTimestamp":"string","finalizers":["list","string"],"generateName":"string","generation":"number","labels":["map","string"],"managedFields":["tuple",[["object",{"apiVersion":"string","fieldsType":"string","fieldsV1":"dynamic","manager":"string","operation":"string","subresource":"string","time":"string"}]]],"name":"string","namespace":"string","ownerReferences":["list",["object",{"apiVersion":"string","blockOwnerDeletion":"bool","controller":"bool","kind":"string","name":"string","uid":"string"}]],"resourceVersion":"string","selfLink":"string","uid":"string"}],"spec":["object",{"affinity":["object",{"additionalPodAffinity":["object",{"preferredDuringSchedulingIgnoredDuringExecution":["list",["object",{"podAffinityTerm":["object",{"labelSelector":["object",{"matchExpressions":["list",["object",{"key":"string","operator":"string","values":["list","string"]}]],"matchLabels":["map","string"]}],"matchLabelKeys":["list","string"],"mismatchLabelKeys":["list","string"],"namespaceSelector":["object",{"matchExpressions":["list",["object",{"key":"string","operator":"string","values":["list","string"]}]],"matchLabels":["map","string"]}],"namespaces":["list","string"],"topologyKey":"string"}],"weight":"number"}]],"requiredDuringSchedulingIgnoredDuringExecution":["list",["object",{"labelSelector":["object",{"matchExpressions":["list",["object",{"key":"string","operator":"string","values":["list","string"]}]],"matchLabels":["map","string"]}],"matchLabelKeys":["list","string"],"mismatchLabelKeys":["list","string"],"namespaceSelector":["object",{"matchExpressions":["list",["object",{"key":"string","operator":"string","values":["list","string"]}]],"matchLabels":["map","string"]}],"namespaces":["list","string"],"topologyKey":"string"}]]}],"additionalPodAntiAffinity":["object",{"preferredDuringSchedulingIgnoredDuringExecution":["list",["object",{"podAffinityTerm":["object",{"labelSelector":["object",{"matchExpressions":["list",["object",{"key":"string","operator":"string","values":["list","string"]}]],"matchLabels":["map","string"]}],"matchLabelKeys":["list","string"],"mismatchLabelKeys":["list","string"],"namespaceSelector":["object",{"matchExpressions":["list",["object",{"key":"string","operator":"string","values":["list","string"]}]],"matchLabels":["map","string"]}],"namespaces":["list","string"],"topologyKey":"string"}],"weight":"number"}]],"requiredDuringSchedulingIgnoredDuringExecution":["list",["object",{"labelSelector":["object",{"matchExpressions":["list",["object",{"key":"string","operator":"string","values":["list","string"]}]],"matchLabels":["map","string"]}],"matchLabelKeys":["list","string"],"mismatchLabelKeys":["list","string"],"namespaceSelector":["object",{"matchExpressions":["list",["object",{"key":"string","operator":"string","values":["list","string"]}]],"matchLabels":["map","string"]}],"namespaces":["list","string"],"topologyKey":"string"}]]}],"enablePodAntiAffinity":"bool","nodeAffinity":["object",{"preferredDuringSchedulingIgnoredDuringExecution":["list",["object",{"preference":["object",{"matchExpressions":["list",["object",{"key":"string","operator":"string","values":["list","string"]}]],"matchFields":["list",["object",{"key":"string","operator":"string","values":["list","string"]}]]}],"weight":"number"}]],"requiredDuringSchedulingIgnoredDuringExecution":["object",{"nodeSelectorTerms":["list",["object",{"matchExpressions":["list",["object",{"key":"string","operator":"string","values":["list","string"]}]],"matchFields":["list",["object",{"key":"string","operator":"string","values":["list","string"]}]]}]]}]}],"nodeSelector":["map","string"],"podAntiAffinityType":"string","tolerations":["list",["object",{"effect":"string","key":"string","operator":"string","tolerationSeconds":"number","value":"string"}]],"topologyKey":"string"}],"backup":["object",{"barmanObjectStore":["object",{"azureCredentials":["object",{"connectionString":["object",{"key":"string","name":"string"}],"inheritFromAzureAD":"bool","storageAccount":["object",{"key":"string","name":"string"}],"storageKey":["object",{"key":"string","name":"string"}],"storageSasToken":["object",{"key":"string","name":"string"}]}],"data":["object",{"additionalCommandArgs":["list","string"],"compression":"string","encryption":"string","immediateCheckpoint":"bool","jobs":"number"}],"destinationPath":"string","endpointCA":["object",{"key":"string","name":"string"}],"endpointURL":"string","googleCredentials":["object",{"applicationCredentials":["object",{"key":"string","name":"string"}],"gkeEnvironment":"bool"}],"historyTags":["map","string"],"s3Credentials":["object",{"accessKeyId":["object",{"key":"string","name":"string"}],"inheritFromIAMRole":"bool","region":["object",{"key":"string","name":"string"}],"secretAccessKey":["object",{"key":"string","name":"string"}],"sessionToken":["object",{"key":"string","name":"string"}]}],"serverName":"string","tags":["map","string"],"wal":["object",{"archiveAdditionalCommandArgs":["list","string"],"compression":"string","encryption":"string","maxParallel":"number","restoreAdditionalCommandArgs":["list","string"]}]}],"retentionPolicy":"string","target":"string","volumeSnapshot":["object",{"annotations":["map","string"],"className":"string","labels":["map","string"],"online":"bool","onlineConfiguration":["object",{"immediateCheckpoint":"bool","waitForArchive":"bool"}],"snapshotOwnerReference":"string","tablespaceClassName":["map","string"],"walClassName":"string"}]}],"bootstrap":["object",{"initdb":["object",{"builtinLocale":"string","dataChecksums":"bool","database":"string","encoding":"string","icuLocale":"string","icuRules":"string","import":["object",{"databases":["list","string"],"pgDumpExtraOptions":["list","string"],"pgRestoreExtraOptions":["list","string"],"postImportApplicationSQL":["list","string"],"roles":["list","string"],"schemaOnly":"bool","source":["object",{"externalCluster":"string"}],"type":"string"}],"locale":"string","localeCType":"string","localeCollate":"string","localeProvider":"string","options":["list","string"],"owner":"string","postInitApplicationSQL":["list","string"],"postInitApplicationSQLRefs":["object",{"configMapRefs":["list",["object",{"key":"string","name":"string"}]],"secretRefs":["list",["object",{"key":"string","name":"string"}]]}],"postInitSQL":["list","string"],"postInitSQLRefs":["object",{"configMapRefs":["list",["object",{"key":"string","name":"string"}]],"secretRefs":["list",["object",{"key":"string","name":"string"}]]}],"postInitTemplateSQL":["list","string"],"postInitTemplateSQLRefs":["object",{"configMapRefs":["list",["object",{"key":"string","name":"string"}]],"secretRefs":["list",["object",{"key":"string","name":"string"}]]}],"secret":["object",{"name":"string"}],"walSegmentSize":"number"}],"pg_basebackup":["object",{"database":"string","owner":"string","secret":["object",{"name":"string"}],"source":"string"}],"recovery":["object",{"backup":["object",{"endpointCA":["object",{"key":"string","name":"string"}],"name":"string"}],"database":"string","owner":"string","recoveryTarget":["object",{"backupID":"string","exclusive":"bool","targetImmediate":"bool","targetLSN":"string","targetName":"string","targetTLI":"string","targetTime":"string","targetXID":"string"}],"secret":["object",{"name":"string"}],"source":"string","volumeSnapshots":["object",{"storage":["object",{"apiGroup":"string","kind":"string","name":"string"}],"tablespaceStorage":["map",["object",{"apiGroup":"string","kind":"string","name":"string"}]],"walStorage":["object",{"apiGroup":"string","kind":"string","name":"string"}]}]}]}],"certificates":["object",{"clientCASecret":"string","replicationTLSSecret":"string","serverAltDNSNames":["list","string"],"serverCASecret":"string","serverTLSSecret":"string"}],"description":"string","enablePDB":"bool","enableSuperuserAccess":"bool","env":["list",["object",{"name":"string","value":"string","valueFrom":["object",{"configMapKeyRef":["object",{"key":"string","name":"string","optional":"bool"}],"fieldRef":["object",{"apiVersion":"string","fieldPath":"string"}],"resourceFieldRef":["object",{"containerName":"string","divisor":"string","resource":"string"}],"secretKeyRef":["object",{"key":"string","name":"string","optional":"bool"}]}]}]],"envFrom":["list",["object",{"configMapRef":["object",{"name":"string","optional":"bool"}],"prefix":"string","secretRef":["object",{"name":"string","optional":"bool"}]}]],"ephemeralVolumeSource":["object",{"volumeClaimTemplate":["object",{"metadata":"dynamic","spec":["object",{"accessModes":["list","string"],"dataSource":["object",{"apiGroup":"string","kind":"string","name":"string"}],"dataSourceRef":["object",{"apiGroup":"string","kind":"string","name":"string","namespace":"string"}],"resources":["object",{"limits":["map","string"],"requests":["map","string"]}],"selector":["object",{"matchExpressions":["list",["object",{"key":"string","operator":"string","values":["list","string"]}]],"matchLabels":["map","string"]}],"storageClassName":"string","volumeAttributesClassName":"string","volumeMode":"string","volumeName":"string"}]}]}],"ephemeralVolumesSizeLimit":["object",{"shm":"string","temporaryData":"string"}],"externalClusters":["list",["object",{"barmanObjectStore":["object",{"azureCredentials":["object",{"connectionString":["object",{"key":"string","name":"string"}],"inheritFromAzureAD":"bool","storageAccount":["object",{"key":"string","name":"string"}],"storageKey":["object",{"key":"string","name":"string"}],"storageSasToken":["object",{"key":"string","name":"string"}]}],"data":["object",{"additionalCommandArgs":["list","string"],"compression":"string","encryption":"string","immediateCheckpoint":"bool","jobs":"number"}],"destinationPath":"string","endpointCA":["object",{"key":"string","name":"string"}],"endpointURL":"string","googleCredentials":["object",{"applicationCredentials":["object",{"key":"string","name":"string"}],"gkeEnvironment":"bool"}],"historyTags":["map","string"],"s3Credentials":["object",{"accessKeyId":["object",{"key":"string","name":"string"}],"inheritFromIAMRole":"bool","region":["object",{"key":"string","name":"string"}],"secretAccessKey":["object",{"key":"string","name":"string"}],"sessionToken":["object",{"key":"string","name":"string"}]}],"serverName":"string","tags":["map","string"],"wal":["object",{"archiveAdditionalCommandArgs":["list","string"],"compression":"string","encryption":"string","maxParallel":"number","restoreAdditionalCommandArgs":["list","string"]}]}],"connectionParameters":["map","string"],"name":"string","password":["object",{"key":"string","name":"string","optional":"bool"}],"plugin":["object",{"enabled":"bool","name":"string","parameters":["map","string"]}],"sslCert":["object",{"key":"string","name":"string","optional":"bool"}],"sslKey":["object",{"key":"string","name":"string","optional":"bool"}],"sslRootCert":["object",{"key":"string","name":"string","optional":"bool"}]}]],"failoverDelay":"number","imageCatalogRef":["object",{"apiGroup":"string","kind":"string","major":"number","name":"string"}],"imageName":"string","imagePullPolicy":"string","imagePullSecrets":["list",["object",{"name":"string"}]],"inheritedMetadata":["object",{"annotations":["map","string"],"labels":["map","string"]}],"instances":"number","livenessProbeTimeout":"number","logLevel":"string","managed":["object",{"roles":["list",["object",{"bypassrls":"bool","comment":"string","connectionLimit":"number","createdb":"bool","createrole":"bool","disablePassword":"bool","ensure":"string","inRoles":["list","string"],"inherit":"bool","login":"bool","name":"string","passwordSecret":["object",{"name":"string"}],"replication":"bool","superuser":"bool","validUntil":"string"}]],"services":["object",{"additional":["list",["object",{"selectorType":"string","serviceTemplate":["object",{"metadata":["object",{"annotations":["map","string"],"labels":["map","string"],"name":"string"}],"spec":["object",{"allocateLoadBalancerNodePorts":"bool","clusterIP":"string","clusterIPs":["list","string"],"externalIPs":["list","string"],"externalName":"string","externalTrafficPolicy":"string","healthCheckNodePort":"number","internalTrafficPolicy":"string","ipFamilies":["list","string"],"ipFamilyPolicy":"string","loadBalancerClass":"string","loadBalancerIP":"string","loadBalancerSourceRanges":["list","string"],"ports":["list",["object",{"appProtocol":"string","name":"string","nodePort":"number","port":"number","protocol":"string","targetPort":"string"}]],"publishNotReadyAddresses":"bool","selector":["map","string"],"sessionAffinity":"string","sessionAffinityConfig":["object",{"clientIP":["object",{"timeoutSeconds":"number"}]}],"trafficDistribution":"string","type":"string"}]}],"updateStrategy":"string"}]],"disabledDefaultServices":["list","string"]}]}],"maxSyncReplicas":"number","minSyncReplicas":"number","monitoring":["object",{"customQueriesConfigMap":["list",["object",{"key":"string","name":"string"}]],"customQueriesSecret":["list",["object",{"key":"string","name":"string"}]],"disableDefaultQueries":"bool","enablePodMonitor":"bool","podMonitorMetricRelabelings":["list",["object",{"action":"string","modulus":"number","regex":"string","replacement":"string","separator":"string","sourceLabels":["list","string"],"targetLabel":"string"}]],"podMonitorRelabelings":["list",["object",{"action":"string","modulus":"number","regex":"string","replacement":"string","separator":"string","sourceLabels":["list","string"],"targetLabel":"string"}]],"tls":["object",{"enabled":"bool"}]}],"nodeMaintenanceWindow":["object",{"inProgress":"bool","reusePVC":"bool"}],"plugins":["list",["object",{"enabled":"bool","name":"string","parameters":["map","string"]}]],"postgresGID":"number","postgresUID":"number","postgresql":["object",{"enableAlterSystem":"bool","ldap":["object",{"bindAsAuth":["object",{"prefix":"string","suffix":"string"}],"bindSearchAuth":["object",{"baseDN":"string","bindDN":"string","bindPassword":["object",{"key":"string","name":"string","optional":"bool"}],"searchAttribute":"string","searchFilter":"string"}],"port":"number","scheme":"string","server":"string","tls":"bool"}],"parameters":["map","string"],"pg_hba":["list","string"],"pg_ident":["list","string"],"promotionTimeout":"number","shared_preload_libraries":["list","string"],"syncReplicaElectionConstraint":["object",{"enabled":"bool","nodeLabelsAntiAffinity":["list","string"]}],"synchronous":["object",{"dataDurability":"string","maxStandbyNamesFromCluster":"number","method":"string","number":"number","standbyNamesPost":["list","string"],"standbyNamesPre":["list","string"]}]}],"primaryUpdateMethod":"string","primaryUpdateStrategy":"string","priorityClassName":"string","probes":["object",{"liveness":["object",{"failureThreshold":"number","initialDelaySeconds":"number","periodSeconds":"number","successThreshold":"number","terminationGracePeriodSeconds":"number","timeoutSeconds":"number"}],"readiness":["object",{"failureThreshold":"number","initialDelaySeconds":"number","periodSeconds":"number","successThreshold":"number","terminationGracePeriodSeconds":"number","timeoutSeconds":"number"}],"startup":["object",{"failureThreshold":"number","initialDelaySeconds":"number","periodSeconds":"number","successThreshold":"number","terminationGracePeriodSeconds":"number","timeoutSeconds":"number"}]}],"projectedVolumeTemplate":["object",{"defaultMode":"number","sources":["list",["object",{"clusterTrustBundle":["object",{"labelSelector":["object",{"matchExpressions":["list",["object",{"key":"string","operator":"string","values":["list","string"]}]],"matchLabels":["map","string"]}],"name":"string","optional":"bool","path":"string","signerName":"string"}],"configMap":["object",{"items":["list",["object",{"key":"string","mode":"number","path":"string"}]],"name":"string","optional":"bool"}],"downwardAPI":["object",{"items":["list",["object",{"fieldRef":["object",{"apiVersion":"string","fieldPath":"string"}],"mode":"number","path":"string","resourceFieldRef":["object",{"containerName":"string","divisor":"string","resource":"string"}]}]]}],"secret":["object",{"items":["list",["object",{"key":"string","mode":"number","path":"string"}]],"name":"string","optional":"bool"}],"serviceAccountToken":["object",{"audience":"string","expirationSeconds":"number","path":"string"}]}]]}],"replica":["object",{"enabled":"bool","minApplyDelay":"string","primary":"string","promotionToken":"string","self":"string","source":"string"}],"replicationSlots":["object",{"highAvailability":["object",{"enabled":"bool","slotPrefix":"string"}],"synchronizeReplicas":["object",{"enabled":"bool","excludePatterns":["list","string"]}],"updateInterval":"number"}],"resources":["object",{"claims":["list",["object",{"name":"string","request":"string"}]],"limits":["map","string"],"requests":["map","string"]}],"schedulerName":"string","seccompProfile":["object",{"localhostProfile":"string","type":"string"}],"serviceAccountTemplate":["object",{"metadata":["object",{"annotations":["map","string"],"labels":["map","string"],"name":"string"}]}],"smartShutdownTimeout":"number","startDelay":"number","stopDelay":"number","storage":["object",{"pvcTemplate":["object",{"accessModes":["list","string"],"dataSource":["object",{"apiGroup":"string","kind":"string","name":"string"}],"dataSourceRef":["object",{"apiGroup":"string","kind":"string","name":"string","namespace":"string"}],"resources":["object",{"limits":["map","string"],"requests":["map","string"]}],"selector":["object",{"matchExpressions":["list",["object",{"key":"string","operator":"string","values":["list","string"]}]],"matchLabels":["map","string"]}],"storageClassName":"string","volumeAttributesClassName":"string","volumeMode":"string","volumeName":"string"}],"resizeInUseVolumes":"bool","size":"string","storageClass":"string"}],"superuserSecret":["object",{"name":"string"}],"switchoverDelay":"number","tablespaces":["list",["object",{"name":"string","owner":["object",{"name":"string"}],"storage":["object",{"pvcTemplate":["object",{"accessModes":["list","string"],"dataSource":["object",{"apiGroup":"string","kind":"string","name":"string"}],"dataSourceRef":["object",{"apiGroup":"string","kind":"string","name":"string","namespace":"string"}],"resources":["object",{"limits":["map","string"],"requests":["map","string"]}],"selector":["object",{"matchExpressions":["list",["object",{"key":"string","operator":"string","values":["list","string"]}]],"matchLabels":["map","string"]}],"storageClassName":"string","volumeAttributesClassName":"string","volumeMode":"string","volumeName":"string"}],"resizeInUseVolumes":"bool","size":"string","storageClass":"string"}],"temporary":"bool"}]],"topologySpreadConstraints":["list",["object",{"labelSelector":["object",{"matchExpressions":["list",["object",{"key":"string","operator":"string","values":["list","string"]}]],"matchLabels":["map","string"]}],"matchLabelKeys":["list","string"],"maxSkew":"number","minDomains":"number","nodeAffinityPolicy":"string","nodeTaintsPolicy":"string","topologyKey":"string","whenUnsatisfiable":"string"}]],"walStorage":["object",{"pvcTemplate":["object",{"accessModes":["list","string"],"dataSource":["object",{"apiGroup":"string","kind":"string","name":"string"}],"dataSourceRef":["object",{"apiGroup":"string","kind":"string","name":"string","namespace":"string"}],"resources":["object",{"limits":["map","string"],"requests":["map","string"]}],"selector":["object",{"matchExpressions":["list",["object",{"key":"string","operator":"string","values":["list","string"]}]],"matchLabels":["map","string"]}],"storageClassName":"string","volumeAttributesClassName":"string","volumeMode":"string","volumeName":"string"}],"resizeInUseVolumes":"bool","size":"string","storageClass":"string"}]}]}]},"timeouts":[],"wait":[],"wait_for":null},"sensitive_attributes":[],"dependencies":["module.k8s_manifests.kubernetes_namespace.namespace","module.k8s_manifests.kubernetes_secret.paperless_postgres_credentials","module.k8s_manifests.kubernetes_secret.postgres_credentials"]}]},{"module":"module.k8s_manifests","mode":"managed","type":"kubernetes_namespace","name":"namespace","provider":"provider[\"registry.opentofu.org/hashicorp/kubernetes\"]","instances":[{"schema_version":0,"attributes":{"id":"home","metadata":[{"annotations":{},"generate_name":"","generation":0,"labels":{},"name":"home","resource_version":"15995481","uid":"d11af4a4-f8fc-42ca-a345-4d357227d5aa"}],"timeouts":null,"wait_for_default_service_account":false},"sensitive_attributes":[],"private":"eyJlMmJmYjczMC1lY2FhLTExZTYtOGY4OC0zNDM2M2JjN2M0YzAiOnsiZGVsZXRlIjozMDAwMDAwMDAwMDB9fQ=="}]},{"module":"module.k8s_manifests","mode":"managed","type":"kubernetes_persistent_volume_claim","name":"consume_pvc","provider":"provider[\"registry.opentofu.org/hashicorp/kubernetes\"]","instances":[{"schema_version":0,"attributes":{"id":"home/consume-pvc","metadata":[{"annotations":{},"generate_name":"","generation":0,"labels":{},"name":"consume-pvc","namespace":"home","resource_version":"16087945","uid":"c713256e-c0a3-464b-821a-4c5c78234ddd"}],"spec":[{"access_modes":["ReadWriteOnce"],"resources":[{"limits":{},"requests":{"storage":"1Gi"}}],"selector":[],"storage_class_name":"longhorn","volume_mode":"Filesystem","volume_name":"pvc-c713256e-c0a3-464b-821a-4c5c78234ddd"}],"timeouts":null,"wait_until_bound":true},"sensitive_attributes":[],"private":"eyJlMmJmYjczMC1lY2FhLTExZTYtOGY4OC0zNDM2M2JjN2M0YzAiOnsiY3JlYXRlIjozMDAwMDAwMDAwMDB9fQ=="}]},{"module":"module.k8s_manifests","mode":"managed","type":"kubernetes_persistent_volume_claim","name":"data_pvc","provider":"provider[\"registry.opentofu.org/hashicorp/kubernetes\"]","instances":[{"schema_version":0,"attributes":{"id":"home/data-pvc","metadata":[{"annotations":{},"generate_name":"","generation":0,"labels":{},"name":"data-pvc","namespace":"home","resource_version":"16088284","uid":"a68c6aeb-5a27-49d8-82e1-a086d57821e0"}],"spec":[{"access_modes":["ReadWriteOnce"],"resources":[{"limits":{},"requests":{"storage":"1Gi"}}],"selector":[],"storage_class_name":"longhorn","volume_mode":"Filesystem","volume_name":"pvc-a68c6aeb-5a27-49d8-82e1-a086d57821e0"}],"timeouts":null,"wait_until_bound":true},"sensitive_attributes":[],"private":"eyJlMmJmYjczMC1lY2FhLTExZTYtOGY4OC0zNDM2M2JjN2M0YzAiOnsiY3JlYXRlIjozMDAwMDAwMDAwMDB9fQ=="}]},{"module":"module.k8s_manifests","mode":"managed","type":"kubernetes_persistent_volume_claim","name":"export_pvc","provider":"provider[\"registry.opentofu.org/hashicorp/kubernetes\"]","instances":[{"schema_version":0,"attributes":{"id":"home/export-pvc","metadata":[{"annotations":{},"generate_name":"","generation":0,"labels":{},"name":"export-pvc","namespace":"home","resource_version":"16087937","uid":"17c83f1b-bc79-42ff-8786-b9d7d6fae810"}],"spec":[{"access_modes":["ReadWriteOnce"],"resources":[{"limits":{},"requests":{"storage":"1Gi"}}],"selector":[],"storage_class_name":"longhorn","volume_mode":"Filesystem","volume_name":"pvc-17c83f1b-bc79-42ff-8786-b9d7d6fae810"}],"timeouts":null,"wait_until_bound":true},"sensitive_attributes":[],"private":"eyJlMmJmYjczMC1lY2FhLTExZTYtOGY4OC0zNDM2M2JjN2M0YzAiOnsiY3JlYXRlIjozMDAwMDAwMDAwMDB9fQ=="}]},{"module":"module.k8s_manifests","mode":"managed","type":"kubernetes_persistent_volume_claim","name":"media_pvc","provider":"provider[\"registry.opentofu.org/hashicorp/kubernetes\"]","instances":[{"schema_version":0,"attributes":{"id":"home/media-pvc","metadata":[{"annotations":{},"generate_name":"","generation":0,"labels":{},"name":"media-pvc","namespace":"home","resource_version":"16088290","uid":"2052b9ca-f46e-4675-a5ef-ed6fa9e4abb2"}],"spec":[{"access_modes":["ReadWriteOnce"],"resources":[{"limits":{},"requests":{"storage":"1536Mi"}}],"selector":[],"storage_class_name":"longhorn","volume_mode":"Filesystem","volume_name":"pvc-2052b9ca-f46e-4675-a5ef-ed6fa9e4abb2"}],"timeouts":null,"wait_until_bound":true},"sensitive_attributes":[],"private":"eyJlMmJmYjczMC1lY2FhLTExZTYtOGY4OC0zNDM2M2JjN2M0YzAiOnsiY3JlYXRlIjozMDAwMDAwMDAwMDB9fQ=="}]},{"module":"module.k8s_manifests","mode":"managed","type":"kubernetes_secret","name":"paperless_postgres_credentials","provider":"provider[\"registry.opentofu.org/hashicorp/kubernetes\"]","instances":[{"schema_version":0,"attributes":{"binary_data":null,"data":{"password":"paperless","username":"paperless"},"id":"home/paperless-postgres-credentials","immutable":false,"metadata":[{"annotations":{},"generate_name":"","generation":0,"labels":{},"name":"paperless-postgres-credentials","namespace":"home","resource_version":"16005366","uid":"71efc6cc-73b7-4940-b1b6-c12be980cdff"}],"timeouts":null,"type":"Opaque","wait_for_service_account_token":true},"sensitive_attributes":[[{"type":"get_attr","value":"binary_data"}],[{"type":"get_attr","value":"data"}]],"private":"eyJlMmJmYjczMC1lY2FhLTExZTYtOGY4OC0zNDM2M2JjN2M0YzAiOnsiY3JlYXRlIjo2MDAwMDAwMDAwMH19","dependencies":["module.k8s_manifests.kubernetes_namespace.namespace"]}]},{"module":"module.k8s_manifests","mode":"managed","type":"kubernetes_secret","name":"postgres_credentials","provider":"provider[\"registry.opentofu.org/hashicorp/kubernetes\"]","instances":[{"schema_version":0,"attributes":{"binary_data":null,"data":{"password":"cluster","username":"cluster"},"id":"home/postgres-credentials","immutable":false,"metadata":[{"annotations":{},"generate_name":"","generation":0,"labels":{},"name":"postgres-credentials","namespace":"home","resource_version":"16001758","uid":"bc808716-b31c-426b-bfb3-5a2c5bede75d"}],"timeouts":null,"type":"Opaque","wait_for_service_account_token":true},"sensitive_attributes":[[{"type":"get_attr","value":"binary_data"}],[{"type":"get_attr","value":"data"}],[{"type":"get_attr","value":"data"},{"type":"index","value":{"value":"password","type":"string"}}],[{"type":"get_attr","value":"data"},{"type":"index","value":{"value":"username","type":"string"}}]],"private":"eyJlMmJmYjczMC1lY2FhLTExZTYtOGY4OC0zNDM2M2JjN2M0YzAiOnsiY3JlYXRlIjo2MDAwMDAwMDAwMH19","dependencies":["module.k8s_manifests.kubernetes_namespace.namespace"]}]},{"module":"module.k8s_manifests","mode":"managed","type":"kubernetes_service","name":"paperless_service","provider":"provider[\"registry.opentofu.org/hashicorp/kubernetes\"]","instances":[{"schema_version":1,"attributes":{"id":"home/paperless-ngx","metadata":[{"annotations":{"metallb.universe.tf/loadBalancerIPs":"10.0.0.103"},"generate_name":"","generation":0,"labels":{},"name":"paperless-ngx","namespace":"home","resource_version":"16089793","uid":"9210a5c5-483b-4735-a9dc-b003950748f9"}],"spec":[{"allocate_load_balancer_node_ports":true,"cluster_ip":"10.43.33.239","cluster_ips":["10.43.33.239"],"external_ips":[],"external_name":"","external_traffic_policy":"Cluster","health_check_node_port":0,"internal_traffic_policy":"Cluster","ip_families":["IPv4"],"ip_family_policy":"SingleStack","load_balancer_class":"","load_balancer_ip":"","load_balancer_source_ranges":[],"port":[{"app_protocol":"","name":"","node_port":30183,"port":80,"protocol":"TCP","target_port":"8000"}],"publish_not_ready_addresses":false,"selector":{"app":"paperless-ngx"},"session_affinity":"None","session_affinity_config":[],"type":"LoadBalancer"}],"status":[{"load_balancer":[{"ingress":[{"hostname":"","ip":"10.0.0.103"}]}]}],"timeouts":null,"wait_for_load_balancer":true},"sensitive_attributes":[],"private":"eyJlMmJmYjczMC1lY2FhLTExZTYtOGY4OC0zNDM2M2JjN2M0YzAiOnsiY3JlYXRlIjo2MDAwMDAwMDAwMDB9LCJzY2hlbWFfdmVyc2lvbiI6IjEifQ==","dependencies":["module.k8s_manifests.kubernetes_manifest.paperless","module.k8s_manifests.kubernetes_persistent_volume_claim.consume_pvc","module.k8s_manifests.kubernetes_persistent_volume_claim.data_pvc","module.k8s_manifests.kubernetes_persistent_volume_claim.export_pvc","module.k8s_manifests.kubernetes_persistent_volume_claim.media_pvc"]}]}],"check_results":null}
